
Microsoft Visual Studio Solution File, Format Version 12.00
# Visual Studio 14
VisualStudioVersion = 14.0.23107.0
MinimumVisualStudioVersion = 10.0.40219.1
Project("{8BC9CEB8-8B4A-11D0-8D11-00A0C91BC942}") = "HelloWorld", "HelloWorld.vcxproj", "{E21DDAAA-D9B4-4B95-AF46-FB775ADCFEC0}"
	ProjectSection(ProjectDependencies) = postProject
		{E1F3E1C5-4B32-4CA6-B982-165AA7E3C428} = {E1F3E1C5-4B32-4CA6-B982-165AA7E3C428}
	EndProjectSection
EndProject
Project("{FAE04EC0-301F-11D3-BF4B-00C04F79EFBC}") = "CodeAnalyzer", "..\..\..\..\Tool\CodeAnalyzer\CodeAnalyzer.csproj", "{6DA85189-E3E3-4A48-ABEE-82DEDD491219}"
EndProject
Project("{8BC9CEB8-8B4A-11D0-8D11-00A0C91BC942}") = "CodeGenerator", "..\..\..\..\Tool\CodeGenerator\CodeGenerator.vcxproj", "{E49F15F5-626C-4851-AA6A-FAC043412077}"
EndProject
Project("{8BC9CEB8-8B4A-11D0-8D11-00A0C91BC942}") = "MedusaCore", "..\..\..\..\Medusa\MedusaCore\MedusaCore.vcxitems", "{45D41ACC-2C3C-43D2-BC10-02AA73FFC7C7}"
EndProject
Project("{2150E333-8FDC-42A3-9474-1A3956D46DE8}") = "win", "win", "{BCF274D3-CE66-49FE-A186-70A953661051}"
EndProject
Project("{8BC9CEB8-8B4A-11D0-8D11-00A0C91BC942}") = "MedusaCore.Win", "..\..\..\..\Medusa\MedusaCore\win\MedusaCore.Win.vcxproj", "{D3EEDD4F-019E-4A8A-9AAB-2B28E858AD04}"
EndProject
Project("{8BC9CEB8-8B4A-11D0-8D11-00A0C91BC942}") = "Medusa", "..\..\..\..\Medusa\Medusa\Medusa.vcxitems", "{2D281AD8-CAB7-4D00-827E-D95490DCECDC}"
EndProject
Project("{8BC9CEB8-8B4A-11D0-8D11-00A0C91BC942}") = "MedusaExtension", "..\..\..\..\Medusa\MedusaExtension\MedusaExtension.vcxitems", "{FD4F0CEB-AAB7-4162-BBE3-218507A99FB0}"
EndProject
Project("{8BC9CEB8-8B4A-11D0-8D11-00A0C91BC942}") = "Medusa.Win", "..\..\..\..\Medusa\Medusa\win\Medusa.Win.vcxproj", "{E1F3E1C5-4B32-4CA6-B982-165AA7E3C428}"
EndProject
Project("{8BC9CEB8-8B4A-11D0-8D11-00A0C91BC942}") = "MedusaExtension.Win", "..\..\..\..\Medusa\MedusaExtension\win\MedusaExtension.Win.vcxproj", "{D13D7CEF-49A0-44BB-B03E-71CA366532DA}"
EndProject
Global
	GlobalSection(SharedMSBuildProjectFiles) = preSolution
		..\..\..\..\Medusa\Medusa\Medusa.vcxitems*{e1f3e1c5-4b32-4ca6-b982-165aa7e3c428}*SharedItemsImports = 4
		..\..\..\..\Medusa\MedusaExtension\MedusaExtension.vcxitems*{d13d7cef-49a0-44bb-b03e-71ca366532da}*SharedItemsImports = 4
		..\..\..\..\Medusa\MedusaCore\MedusaCore.vcxitems*{d3eedd4f-019e-4a8a-9aab-2b28e858ad04}*SharedItemsImports = 4
		..\..\..\..\Medusa\Medusa\Medusa.vcxitems*{2d281ad8-cab7-4d00-827e-d95490dcecdc}*SharedItemsImports = 9
		..\..\..\..\Medusa\MedusaCore\MedusaCore.vcxitems*{45d41acc-2c3c-43d2-bc10-02aa73ffc7c7}*SharedItemsImports = 9
		..\..\..\..\Medusa\MedusaExtension\MedusaExtension.vcxitems*{fd4f0ceb-aab7-4162-bbe3-218507a99fb0}*SharedItemsImports = 9
	EndGlobalSection
	GlobalSection(SolutionConfigurationPlatforms) = preSolution
		Debug|Mixed Platforms = Debug|Mixed Platforms
		Debug|Win32 = Debug|Win32
		Debug|x64 = Debug|x64
		Debug|x86 = Debug|x86
		DebugAndroid|Mixed Platforms = DebugAndroid|Mixed Platforms
		DebugAndroid|Win32 = DebugAndroid|Win32
		DebugAndroid|x64 = DebugAndroid|x64
		DebugAndroid|x86 = DebugAndroid|x86
		DebugWin|Mixed Platforms = DebugWin|Mixed Platforms
		DebugWin|Win32 = DebugWin|Win32
		DebugWin|x64 = DebugWin|x64
		DebugWin|x86 = DebugWin|x86
		Release|Mixed Platforms = Release|Mixed Platforms
		Release|Win32 = Release|Win32
		Release|x64 = Release|x64
		Release|x86 = Release|x86
	EndGlobalSection
	GlobalSection(ProjectConfigurationPlatforms) = postSolution
		{E21DDAAA-D9B4-4B95-AF46-FB775ADCFEC0}.Debug|Mixed Platforms.ActiveCfg = Debug|Win32
		{E21DDAAA-D9B4-4B95-AF46-FB775ADCFEC0}.Debug|Mixed Platforms.Build.0 = Debug|Win32
		{E21DDAAA-D9B4-4B95-AF46-FB775ADCFEC0}.Debug|Win32.ActiveCfg = Debug|Win32
		{E21DDAAA-D9B4-4B95-AF46-FB775ADCFEC0}.Debug|Win32.Build.0 = Debug|Win32
		{E21DDAAA-D9B4-4B95-AF46-FB775ADCFEC0}.Debug|x64.ActiveCfg = Debug|x64
		{E21DDAAA-D9B4-4B95-AF46-FB775ADCFEC0}.Debug|x64.Build.0 = Debug|x64
		{E21DDAAA-D9B4-4B95-AF46-FB775ADCFEC0}.Debug|x86.ActiveCfg = Debug|Win32
		{E21DDAAA-D9B4-4B95-AF46-FB775ADCFEC0}.Debug|x86.Build.0 = Debug|Win32
		{E21DDAAA-D9B4-4B95-AF46-FB775ADCFEC0}.DebugAndroid|Mixed Platforms.ActiveCfg = Debug|Win32
		{E21DDAAA-D9B4-4B95-AF46-FB775ADCFEC0}.DebugAndroid|Mixed Platforms.Build.0 = Debug|Win32
		{E21DDAAA-D9B4-4B95-AF46-FB775ADCFEC0}.DebugAndroid|Win32.ActiveCfg = Debug|Win32
		{E21DDAAA-D9B4-4B95-AF46-FB775ADCFEC0}.DebugAndroid|Win32.Build.0 = Debug|Win32
		{E21DDAAA-D9B4-4B95-AF46-FB775ADCFEC0}.DebugAndroid|x64.ActiveCfg = Debug|x64
		{E21DDAAA-D9B4-4B95-AF46-FB775ADCFEC0}.DebugAndroid|x64.Build.0 = Debug|x64
		{E21DDAAA-D9B4-4B95-AF46-FB775ADCFEC0}.DebugAndroid|x86.ActiveCfg = Debug|Win32
		{E21DDAAA-D9B4-4B95-AF46-FB775ADCFEC0}.DebugAndroid|x86.Build.0 = Debug|Win32
		{E21DDAAA-D9B4-4B95-AF46-FB775ADCFEC0}.DebugWin|Mixed Platforms.ActiveCfg = Debug|Win32
		{E21DDAAA-D9B4-4B95-AF46-FB775ADCFEC0}.DebugWin|Mixed Platforms.Build.0 = Debug|Win32
		{E21DDAAA-D9B4-4B95-AF46-FB775ADCFEC0}.DebugWin|Win32.ActiveCfg = Debug|Win32
		{E21DDAAA-D9B4-4B95-AF46-FB775ADCFEC0}.DebugWin|Win32.Build.0 = Debug|Win32
		{E21DDAAA-D9B4-4B95-AF46-FB775ADCFEC0}.DebugWin|x64.ActiveCfg = Debug|x64
		{E21DDAAA-D9B4-4B95-AF46-FB775ADCFEC0}.DebugWin|x64.Build.0 = Debug|x64
		{E21DDAAA-D9B4-4B95-AF46-FB775ADCFEC0}.DebugWin|x86.ActiveCfg = Debug|Win32
		{E21DDAAA-D9B4-4B95-AF46-FB775ADCFEC0}.DebugWin|x86.Build.0 = Debug|Win32
		{E21DDAAA-D9B4-4B95-AF46-FB775ADCFEC0}.Release|Mixed Platforms.ActiveCfg = Release|Win32
		{E21DDAAA-D9B4-4B95-AF46-FB775ADCFEC0}.Release|Mixed Platforms.Build.0 = Release|Win32
		{E21DDAAA-D9B4-4B95-AF46-FB775ADCFEC0}.Release|Win32.ActiveCfg = Release|Win32
		{E21DDAAA-D9B4-4B95-AF46-FB775ADCFEC0}.Release|Win32.Build.0 = Release|Win32
		{E21DDAAA-D9B4-4B95-AF46-FB775ADCFEC0}.Release|x64.ActiveCfg = Release|x64
		{E21DDAAA-D9B4-4B95-AF46-FB775ADCFEC0}.Release|x64.Build.0 = Release|x64
		{E21DDAAA-D9B4-4B95-AF46-FB775ADCFEC0}.Release|x86.ActiveCfg = Release|Win32
		{E21DDAAA-D9B4-4B95-AF46-FB775ADCFEC0}.Release|x86.Build.0 = Release|Win32
		{6DA85189-E3E3-4A48-ABEE-82DEDD491219}.Debug|Mixed Platforms.ActiveCfg = Debug|x86
		{6DA85189-E3E3-4A48-ABEE-82DEDD491219}.Debug|Mixed Platforms.Build.0 = Debug|x86
		{6DA85189-E3E3-4A48-ABEE-82DEDD491219}.Debug|Win32.ActiveCfg = Debug|x86
		{6DA85189-E3E3-4A48-ABEE-82DEDD491219}.Debug|Win32.Build.0 = Debug|x86
		{6DA85189-E3E3-4A48-ABEE-82DEDD491219}.Debug|x64.ActiveCfg = Debug|x64
		{6DA85189-E3E3-4A48-ABEE-82DEDD491219}.Debug|x64.Build.0 = Debug|x64
		{6DA85189-E3E3-4A48-ABEE-82DEDD491219}.Debug|x86.ActiveCfg = Debug|x86
		{6DA85189-E3E3-4A48-ABEE-82DEDD491219}.Debug|x86.Build.0 = Debug|x86
		{6DA85189-E3E3-4A48-ABEE-82DEDD491219}.DebugAndroid|Mixed Platforms.ActiveCfg = DebugAndroid|x86
		{6DA85189-E3E3-4A48-ABEE-82DEDD491219}.DebugAndroid|Mixed Platforms.Build.0 = DebugAndroid|x86
		{6DA85189-E3E3-4A48-ABEE-82DEDD491219}.DebugAndroid|Win32.ActiveCfg = DebugAndroid|x86
		{6DA85189-E3E3-4A48-ABEE-82DEDD491219}.DebugAndroid|Win32.Build.0 = DebugAndroid|x86
		{6DA85189-E3E3-4A48-ABEE-82DEDD491219}.DebugAndroid|x64.ActiveCfg = DebugAndroid|x64
		{6DA85189-E3E3-4A48-ABEE-82DEDD491219}.DebugAndroid|x64.Build.0 = DebugAndroid|x64
		{6DA85189-E3E3-4A48-ABEE-82DEDD491219}.DebugAndroid|x86.ActiveCfg = DebugAndroid|x86
		{6DA85189-E3E3-4A48-ABEE-82DEDD491219}.DebugAndroid|x86.Build.0 = DebugAndroid|x86
		{6DA85189-E3E3-4A48-ABEE-82DEDD491219}.DebugWin|Mixed Platforms.ActiveCfg = DebugWin|x86
		{6DA85189-E3E3-4A48-ABEE-82DEDD491219}.DebugWin|Mixed Platforms.Build.0 = DebugWin|x86
		{6DA85189-E3E3-4A48-ABEE-82DEDD491219}.DebugWin|Win32.ActiveCfg = DebugWin|x86
		{6DA85189-E3E3-4A48-ABEE-82DEDD491219}.DebugWin|Win32.Build.0 = DebugWin|x86
		{6DA85189-E3E3-4A48-ABEE-82DEDD491219}.DebugWin|x64.ActiveCfg = DebugWin|x64
		{6DA85189-E3E3-4A48-ABEE-82DEDD491219}.DebugWin|x64.Build.0 = DebugWin|x64
		{6DA85189-E3E3-4A48-ABEE-82DEDD491219}.DebugWin|x86.ActiveCfg = DebugWin|x86
		{6DA85189-E3E3-4A48-ABEE-82DEDD491219}.DebugWin|x86.Build.0 = DebugWin|x86
		{6DA85189-E3E3-4A48-ABEE-82DEDD491219}.Release|Mixed Platforms.ActiveCfg = Release|x86
		{6DA85189-E3E3-4A48-ABEE-82DEDD491219}.Release|Mixed Platforms.Build.0 = Release|x86
		{6DA85189-E3E3-4A48-ABEE-82DEDD491219}.Release|Win32.ActiveCfg = Release|x86
		{6DA85189-E3E3-4A48-ABEE-82DEDD491219}.Release|Win32.Build.0 = Release|x86
		{6DA85189-E3E3-4A48-ABEE-82DEDD491219}.Release|x64.ActiveCfg = Release|x64
		{6DA85189-E3E3-4A48-ABEE-82DEDD491219}.Release|x64.Build.0 = Release|x64
		{6DA85189-E3E3-4A48-ABEE-82DEDD491219}.Release|x86.ActiveCfg = Release|x86
		{6DA85189-E3E3-4A48-ABEE-82DEDD491219}.Release|x86.Build.0 = Release|x86
		{E49F15F5-626C-4851-AA6A-FAC043412077}.Debug|Mixed Platforms.ActiveCfg = Debug|Win32
		{E49F15F5-626C-4851-AA6A-FAC043412077}.Debug|Mixed Platforms.Build.0 = Debug|Win32
		{E49F15F5-626C-4851-AA6A-FAC043412077}.Debug|Win32.ActiveCfg = Debug|Win32
		{E49F15F5-626C-4851-AA6A-FAC043412077}.Debug|Win32.Build.0 = Debug|Win32
		{E49F15F5-626C-4851-AA6A-FAC043412077}.Debug|x64.ActiveCfg = Debug|x64
		{E49F15F5-626C-4851-AA6A-FAC043412077}.Debug|x64.Build.0 = Debug|x64
		{E49F15F5-626C-4851-AA6A-FAC043412077}.Debug|x86.ActiveCfg = Debug|Win32
		{E49F15F5-626C-4851-AA6A-FAC043412077}.Debug|x86.Build.0 = Debug|Win32
		{E49F15F5-626C-4851-AA6A-FAC043412077}.DebugAndroid|Mixed Platforms.ActiveCfg = DebugAndroid|Win32
		{E49F15F5-626C-4851-AA6A-FAC043412077}.DebugAndroid|Mixed Platforms.Build.0 = DebugAndroid|Win32
		{E49F15F5-626C-4851-AA6A-FAC043412077}.DebugAndroid|Win32.ActiveCfg = DebugAndroid|Win32
		{E49F15F5-626C-4851-AA6A-FAC043412077}.DebugAndroid|Win32.Build.0 = DebugAndroid|Win32
		{E49F15F5-626C-4851-AA6A-FAC043412077}.DebugAndroid|x64.ActiveCfg = DebugAndroid|x64
		{E49F15F5-626C-4851-AA6A-FAC043412077}.DebugAndroid|x64.Build.0 = DebugAndroid|x64
		{E49F15F5-626C-4851-AA6A-FAC043412077}.DebugAndroid|x86.ActiveCfg = DebugAndroid|Win32
		{E49F15F5-626C-4851-AA6A-FAC043412077}.DebugAndroid|x86.Build.0 = DebugAndroid|Win32
		{E49F15F5-626C-4851-AA6A-FAC043412077}.DebugWin|Mixed Platforms.ActiveCfg = DebugWin|Win32
		{E49F15F5-626C-4851-AA6A-FAC043412077}.DebugWin|Mixed Platforms.Build.0 = DebugWin|Win32
		{E49F15F5-626C-4851-AA6A-FAC043412077}.DebugWin|Win32.ActiveCfg = DebugWin|Win32
		{E49F15F5-626C-4851-AA6A-FAC043412077}.DebugWin|Win32.Build.0 = DebugWin|Win32
		{E49F15F5-626C-4851-AA6A-FAC043412077}.DebugWin|x64.ActiveCfg = DebugWin|x64
		{E49F15F5-626C-4851-AA6A-FAC043412077}.DebugWin|x64.Build.0 = DebugWin|x64
		{E49F15F5-626C-4851-AA6A-FAC043412077}.DebugWin|x86.ActiveCfg = DebugWin|Win32
		{E49F15F5-626C-4851-AA6A-FAC043412077}.DebugWin|x86.Build.0 = DebugWin|Win32
		{E49F15F5-626C-4851-AA6A-FAC043412077}.Release|Mixed Platforms.ActiveCfg = Release|Win32
		{E49F15F5-626C-4851-AA6A-FAC043412077}.Release|Mixed Platforms.Build.0 = Release|Win32
		{E49F15F5-626C-4851-AA6A-FAC043412077}.Release|Win32.ActiveCfg = Release|Win32
		{E49F15F5-626C-4851-AA6A-FAC043412077}.Release|Win32.Build.0 = Release|Win32
		{E49F15F5-626C-4851-AA6A-FAC043412077}.Release|x64.ActiveCfg = Release|x64
		{E49F15F5-626C-4851-AA6A-FAC043412077}.Release|x64.Build.0 = Release|x64
		{E49F15F5-626C-4851-AA6A-FAC043412077}.Release|x86.ActiveCfg = Release|Win32
		{E49F15F5-626C-4851-AA6A-FAC043412077}.Release|x86.Build.0 = Release|Win32
		{D3EEDD4F-019E-4A8A-9AAB-2B28E858AD04}.Debug|Mixed Platforms.ActiveCfg = Debug|Win32
		{D3EEDD4F-019E-4A8A-9AAB-2B28E858AD04}.Debug|Mixed Platforms.Build.0 = Debug|Win32
		{D3EEDD4F-019E-4A8A-9AAB-2B28E858AD04}.Debug|Win32.ActiveCfg = Debug|Win32
		{D3EEDD4F-019E-4A8A-9AAB-2B28E858AD04}.Debug|Win32.Build.0 = Debug|Win32
		{D3EEDD4F-019E-4A8A-9AAB-2B28E858AD04}.Debug|x64.ActiveCfg = Debug|x64
		{D3EEDD4F-019E-4A8A-9AAB-2B28E858AD04}.Debug|x64.Build.0 = Debug|x64
		{D3EEDD4F-019E-4A8A-9AAB-2B28E858AD04}.Debug|x86.ActiveCfg = Debug|Win32
		{D3EEDD4F-019E-4A8A-9AAB-2B28E858AD04}.Debug|x86.Build.0 = Debug|Win32
		{D3EEDD4F-019E-4A8A-9AAB-2B28E858AD04}.DebugAndroid|Mixed Platforms.ActiveCfg = Debug|Win32
		{D3EEDD4F-019E-4A8A-9AAB-2B28E858AD04}.DebugAndroid|Mixed Platforms.Build.0 = Debug|Win32
		{D3EEDD4F-019E-4A8A-9AAB-2B28E858AD04}.DebugAndroid|Win32.ActiveCfg = Debug|Win32
		{D3EEDD4F-019E-4A8A-9AAB-2B28E858AD04}.DebugAndroid|Win32.Build.0 = Debug|Win32
		{D3EEDD4F-019E-4A8A-9AAB-2B28E858AD04}.DebugAndroid|x64.ActiveCfg = Debug|x64
		{D3EEDD4F-019E-4A8A-9AAB-2B28E858AD04}.DebugAndroid|x64.Build.0 = Debug|x64
		{D3EEDD4F-019E-4A8A-9AAB-2B28E858AD04}.DebugAndroid|x86.ActiveCfg = Debug|Win32
		{D3EEDD4F-019E-4A8A-9AAB-2B28E858AD04}.DebugAndroid|x86.Build.0 = Debug|Win32
		{D3EEDD4F-019E-4A8A-9AAB-2B28E858AD04}.DebugWin|Mixed Platforms.ActiveCfg = Debug|Win32
		{D3EEDD4F-019E-4A8A-9AAB-2B28E858AD04}.DebugWin|Mixed Platforms.Build.0 = Debug|Win32
		{D3EEDD4F-019E-4A8A-9AAB-2B28E858AD04}.DebugWin|Win32.ActiveCfg = Debug|Win32
		{D3EEDD4F-019E-4A8A-9AAB-2B28E858AD04}.DebugWin|Win32.Build.0 = Debug|Win32
		{D3EEDD4F-019E-4A8A-9AAB-2B28E858AD04}.DebugWin|x64.ActiveCfg = Debug|x64
		{D3EEDD4F-019E-4A8A-9AAB-2B28E858AD04}.DebugWin|x64.Build.0 = Debug|x64
		{D3EEDD4F-019E-4A8A-9AAB-2B28E858AD04}.DebugWin|x86.ActiveCfg = Debug|Win32
		{D3EEDD4F-019E-4A8A-9AAB-2B28E858AD04}.DebugWin|x86.Build.0 = Debug|Win32
		{D3EEDD4F-019E-4A8A-9AAB-2B28E858AD04}.Release|Mixed Platforms.ActiveCfg = Release|Win32
		{D3EEDD4F-019E-4A8A-9AAB-2B28E858AD04}.Release|Mixed Platforms.Build.0 = Release|Win32
		{D3EEDD4F-019E-4A8A-9AAB-2B28E858AD04}.Release|Win32.ActiveCfg = Release|Win32
		{D3EEDD4F-019E-4A8A-9AAB-2B28E858AD04}.Release|Win32.Build.0 = Release|Win32
		{D3EEDD4F-019E-4A8A-9AAB-2B28E858AD04}.Release|x64.ActiveCfg = Release|x64
		{D3EEDD4F-019E-4A8A-9AAB-2B28E858AD04}.Release|x64.Build.0 = Release|x64
		{D3EEDD4F-019E-4A8A-9AAB-2B28E858AD04}.Release|x86.ActiveCfg = Release|Win32
		{D3EEDD4F-019E-4A8A-9AAB-2B28E858AD04}.Release|x86.Build.0 = Release|Win32
		{E1F3E1C5-4B32-4CA6-B982-165AA7E3C428}.Debug|Mixed Platforms.ActiveCfg = Debug|Win32
		{E1F3E1C5-4B32-4CA6-B982-165AA7E3C428}.Debug|Mixed Platforms.Build.0 = Debug|Win32
		{E1F3E1C5-4B32-4CA6-B982-165AA7E3C428}.Debug|Win32.ActiveCfg = Debug|Win32
		{E1F3E1C5-4B32-4CA6-B982-165AA7E3C428}.Debug|Win32.Build.0 = Debug|Win32
		{E1F3E1C5-4B32-4CA6-B982-165AA7E3C428}.Debug|x64.ActiveCfg = Debug|x64
		{E1F3E1C5-4B32-4CA6-B982-165AA7E3C428}.Debug|x64.Build.0 = Debug|x64
		{E1F3E1C5-4B32-4CA6-B982-165AA7E3C428}.Debug|x86.ActiveCfg = Debug|Win32
		{E1F3E1C5-4B32-4CA6-B982-165AA7E3C428}.Debug|x86.Build.0 = Debug|Win32
		{E1F3E1C5-4B32-4CA6-B982-165AA7E3C428}.DebugAndroid|Mixed Platforms.ActiveCfg = Debug|Win32
		{E1F3E1C5-4B32-4CA6-B982-165AA7E3C428}.DebugAndroid|Mixed Platforms.Build.0 = Debug|Win32
		{E1F3E1C5-4B32-4CA6-B982-165AA7E3C428}.DebugAndroid|Win32.ActiveCfg = Debug|Win32
		{E1F3E1C5-4B32-4CA6-B982-165AA7E3C428}.DebugAndroid|Win32.Build.0 = Debug|Win32
		{E1F3E1C5-4B32-4CA6-B982-165AA7E3C428}.DebugAndroid|x64.ActiveCfg = Debug|x64
		{E1F3E1C5-4B32-4CA6-B982-165AA7E3C428}.DebugAndroid|x64.Build.0 = Debug|x64
		{E1F3E1C5-4B32-4CA6-B982-165AA7E3C428}.DebugAndroid|x86.ActiveCfg = Debug|Win32
		{E1F3E1C5-4B32-4CA6-B982-165AA7E3C428}.DebugAndroid|x86.Build.0 = Debug|Win32
		{E1F3E1C5-4B32-4CA6-B982-165AA7E3C428}.DebugWin|Mixed Platforms.ActiveCfg = Debug|Win32
		{E1F3E1C5-4B32-4CA6-B982-165AA7E3C428}.DebugWin|Mixed Platforms.Build.0 = Debug|Win32
		{E1F3E1C5-4B32-4CA6-B982-165AA7E3C428}.DebugWin|Win32.ActiveCfg = Debug|Win32
		{E1F3E1C5-4B32-4CA6-B982-165AA7E3C428}.DebugWin|Win32.Build.0 = Debug|Win32
		{E1F3E1C5-4B32-4CA6-B982-165AA7E3C428}.DebugWin|x64.ActiveCfg = Debug|x64
		{E1F3E1C5-4B32-4CA6-B982-165AA7E3C428}.DebugWin|x64.Build.0 = Debug|x64
		{E1F3E1C5-4B32-4CA6-B982-165AA7E3C428}.DebugWin|x86.ActiveCfg = Debug|Win32
		{E1F3E1C5-4B32-4CA6-B982-165AA7E3C428}.DebugWin|x86.Build.0 = Debug|Win32
		{E1F3E1C5-4B32-4CA6-B982-165AA7E3C428}.Release|Mixed Platforms.ActiveCfg = Release|Win32
		{E1F3E1C5-4B32-4CA6-B982-165AA7E3C428}.Release|Mixed Platforms.Build.0 = Release|Win32
		{E1F3E1C5-4B32-4CA6-B982-165AA7E3C428}.Release|Win32.ActiveCfg = Release|Win32
		{E1F3E1C5-4B32-4CA6-B982-165AA7E3C428}.Release|Win32.Build.0 = Release|Win32
		{E1F3E1C5-4B32-4CA6-B982-165AA7E3C428}.Release|x64.ActiveCfg = Release|x64
		{E1F3E1C5-4B32-4CA6-B982-165AA7E3C428}.Release|x64.Build.0 = Release|x64
		{E1F3E1C5-4B32-4CA6-B982-165AA7E3C428}.Release|x86.ActiveCfg = Release|Win32
		{E1F3E1C5-4B32-4CA6-B982-165AA7E3C428}.Release|x86.Build.0 = Release|Win32
		{D13D7CEF-49A0-44BB-B03E-71CA366532DA}.Debug|Mixed Platforms.ActiveCfg = Debug|Win32
		{D13D7CEF-49A0-44BB-B03E-71CA366532DA}.Debug|Mixed Platforms.Build.0 = Debug|Win32
		{D13D7CEF-49A0-44BB-B03E-71CA366532DA}.Debug|Win32.ActiveCfg = Debug|Win32
		{D13D7CEF-49A0-44BB-B03E-71CA366532DA}.Debug|Win32.Build.0 = Debug|Win32
		{D13D7CEF-49A0-44BB-B03E-71CA366532DA}.Debug|x64.ActiveCfg = Debug|x64
		{D13D7CEF-49A0-44BB-B03E-71CA366532DA}.Debug|x64.Build.0 = Debug|x64
		{D13D7CEF-49A0-44BB-B03E-71CA366532DA}.Debug|x86.ActiveCfg = Debug|Win32
		{D13D7CEF-49A0-44BB-B03E-71CA366532DA}.Debug|x86.Build.0 = Debug|Win32
		{D13D7CEF-49A0-44BB-B03E-71CA366532DA}.DebugAndroid|Mixed Platforms.ActiveCfg = Debug|Win32
		{D13D7CEF-49A0-44BB-B03E-71CA366532DA}.DebugAndroid|Mixed Platforms.Build.0 = Debug|Win32
		{D13D7CEF-49A0-44BB-B03E-71CA366532DA}.DebugAndroid|Win32.ActiveCfg = Debug|Win32
		{D13D7CEF-49A0-44BB-B03E-71CA366532DA}.DebugAndroid|Win32.Build.0 = Debug|Win32
		{D13D7CEF-49A0-44BB-B03E-71CA366532DA}.DebugAndroid|x64.ActiveCfg = Debug|x64
		{D13D7CEF-49A0-44BB-B03E-71CA366532DA}.DebugAndroid|x64.Build.0 = Debug|x64
		{D13D7CEF-49A0-44BB-B03E-71CA366532DA}.DebugAndroid|x86.ActiveCfg = Debug|Win32
		{D13D7CEF-49A0-44BB-B03E-71CA366532DA}.DebugAndroid|x86.Build.0 = Debug|Win32
		{D13D7CEF-49A0-44BB-B03E-71CA366532DA}.DebugWin|Mixed Platforms.ActiveCfg = Debug|Win32
		{D13D7CEF-49A0-44BB-B03E-71CA366532DA}.DebugWin|Mixed Platforms.Build.0 = Debug|Win32
		{D13D7CEF-49A0-44BB-B03E-71CA366532DA}.DebugWin|Win32.ActiveCfg = Debug|Win32
		{D13D7CEF-49A0-44BB-B03E-71CA366532DA}.DebugWin|Win32.Build.0 = Debug|Win32
		{D13D7CEF-49A0-44BB-B03E-71CA366532DA}.DebugWin|x64.ActiveCfg = Debug|x64
		{D13D7CEF-49A0-44BB-B03E-71CA366532DA}.DebugWin|x64.Build.0 = Debug|x64
		{D13D7CEF-49A0-44BB-B03E-71CA366532DA}.DebugWin|x86.ActiveCfg = Debug|Win32
		{D13D7CEF-49A0-44BB-B03E-71CA366532DA}.DebugWin|x86.Build.0 = Debug|Win32
		{D13D7CEF-49A0-44BB-B03E-71CA366532DA}.Release|Mixed Platforms.ActiveCfg = Release|Win32
		{D13D7CEF-49A0-44BB-B03E-71CA366532DA}.Release|Mixed Platforms.Build.0 = Release|Win32
		{D13D7CEF-49A0-44BB-B03E-71CA366532DA}.Release|Win32.ActiveCfg = Release|Win32
		{D13D7CEF-49A0-44BB-B03E-71CA366532DA}.Release|Win32.Build.0 = Release|Win32
		{D13D7CEF-49A0-44BB-B03E-71CA366532DA}.Release|x64.ActiveCfg = Release|x64
		{D13D7CEF-49A0-44BB-B03E-71CA366532DA}.Release|x64.Build.0 = Release|x64
		{D13D7CEF-49A0-44BB-B03E-71CA366532DA}.Release|x86.ActiveCfg = Release|Win32
		{D13D7CEF-49A0-44BB-B03E-71CA366532DA}.Release|x86.Build.0 = Release|Win32
	EndGlobalSection
	GlobalSection(SolutionProperties) = preSolution
		HideSolutionNode = FALSE
	EndGlobalSection
	GlobalSection(NestedProjects) = preSolution
		{D3EEDD4F-019E-4A8A-9AAB-2B28E858AD04} = {BCF274D3-CE66-49FE-A186-70A953661051}
		{E1F3E1C5-4B32-4CA6-B982-165AA7E3C428} = {BCF274D3-CE66-49FE-A186-70A953661051}
		{D13D7CEF-49A0-44BB-B03E-71CA366532DA} = {BCF274D3-CE66-49FE-A186-70A953661051}
	EndGlobalSection
	GlobalSection(TeamFoundationVersionControl) = preSolution
		SccNumberOfProjects = 4
		SccEnterpriseProvider = {4CA58AB2-18FA-4F8D-95D4-32DDF27D184C}
		SccTeamFoundationServer = https://fjz.visualstudio.com/defaultcollection
		SccProjectUniqueName0 = ..\\..\\..\\..\\Tool\\CodeAnalyzer\\CodeAnalyzer.csproj
		SccProjectName0 = ../../../../Tool/CodeAnalyzer
		SccAuxPath0 = https://fjz.visualstudio.com/defaultcollection
		SccLocalPath0 = ..\\..\\..\\..\\Tool\\CodeAnalyzer
		SccProvider0 = {4CA58AB2-18FA-4F8D-95D4-32DDF27D184C}
		SccProjectUniqueName1 = ..\\..\\..\\..\\Tool\\CodeGenerator\\CodeGenerator.vcxproj
		SccProjectName1 = ../../../../Tool/CodeGenerator
		SccAuxPath1 = https://fjz.visualstudio.com/defaultcollection
		SccLocalPath1 = ..\\..\\..\\..\\Tool\\CodeGenerator
		SccProvider1 = {4CA58AB2-18FA-4F8D-95D4-32DDF27D184C}
		SccProjectUniqueName2 = ..\\..\\..\\..\\Medusa\\Medusa\\win\\Medusa.Win.vcxproj
		SccProjectTopLevelParentUniqueName2 = HelloWorld.sln
		SccProjectName2 = ../../../../Medusa/Medusa/win
		SccAuxPath2 = https://fjz.visualstudio.com/defaultcollection
		SccLocalPath2 = ..\\..\\..\\..\\Medusa\\Medusa\\win
		SccProvider2 = {4CA58AB2-18FA-4F8D-95D4-32DDF27D184C}
		SccProjectUniqueName3 = ..\\..\\..\\..\\Medusa\\MedusaExtension\\win\\MedusaExtension.Win.vcxproj
		SccProjectTopLevelParentUniqueName3 = HelloWorld.sln
		SccProjectName3 = ../../../../Medusa/MedusaExtension/win
		SccAuxPath3 = https://fjz.visualstudio.com/defaultcollection
		SccLocalPath3 = ..\\..\\..\\..\\Medusa\\MedusaExtension\\win
		SccProvider3 = {4CA58AB2-18FA-4F8D-95D4-32DDF27D184C}
	EndGlobalSection
EndGlobal
