
Microsoft Visual Studio Solution File, Format Version 12.00
# Visual Studio 14
VisualStudioVersion = 14.0.25123.0
MinimumVisualStudioVersion = 10.0.40219.1
Project("{8BC9CEB8-8B4A-11D0-8D11-00A0C91BC942}") = "HelloLua", "HelloLua.vcxproj", "{4EB2F2B1-CC82-4613-97D0-1B431B5E8145}"
	ProjectSection(ProjectDependencies) = postProject
		{D3EEDD4F-019E-4A8A-9AAB-2B28E858AD04} = {D3EEDD4F-019E-4A8A-9AAB-2B28E858AD04}
		{E1F3E1C5-4B32-4CA6-B982-165AA7E3C428} = {E1F3E1C5-4B32-4CA6-B982-165AA7E3C428}
		{D13D7CEF-49A0-44BB-B03E-71CA366532DA} = {D13D7CEF-49A0-44BB-B03E-71CA366532DA}
	EndProjectSection
EndProject
Project("{8BC9CEB8-8B4A-11D0-8D11-00A0C91BC942}") = "MedusaCore", "..\..\..\..\Medusa\MedusaCore\MedusaCore.vcxitems", "{45D41ACC-2C3C-43D2-BC10-02AA73FFC7C7}"
EndProject
Project("{2150E333-8FDC-42A3-9474-1A3956D46DE8}") = "win", "win", "{BCF274D3-CE66-49FE-A186-70A953661051}"
EndProject
Project("{8BC9CEB8-8B4A-11D0-8D11-00A0C91BC942}") = "MedusaCore.Win", "..\..\..\..\Medusa\MedusaCore\win\MedusaCore.Win.vcxproj", "{D3EEDD4F-019E-4A8A-9AAB-2B28E858AD04}"
EndProject
Project("{8BC9CEB8-8B4A-11D0-8D11-00A0C91BC942}") = "Medusa", "..\..\..\..\Medusa\Medusa\Medusa.vcxitems", "{2D281AD8-CAB7-4D00-827E-D95490DCECDC}"
EndProject
Project("{8BC9CEB8-8B4A-11D0-8D11-00A0C91BC942}") = "MedusaExtension", "..\..\..\..\Medusa\MedusaExtension\MedusaExtension.vcxitems", "{FD4F0CEB-AAB7-4162-BBE3-218507A99FB0}"
EndProject
Project("{8BC9CEB8-8B4A-11D0-8D11-00A0C91BC942}") = "Medusa.Win", "..\..\..\..\Medusa\Medusa\win\Medusa.Win.vcxproj", "{E1F3E1C5-4B32-4CA6-B982-165AA7E3C428}"
EndProject
Project("{8BC9CEB8-8B4A-11D0-8D11-00A0C91BC942}") = "MedusaExtension.Win", "..\..\..\..\Medusa\MedusaExtension\win\MedusaExtension.Win.vcxproj", "{D13D7CEF-49A0-44BB-B03E-71CA366532DA}"
EndProject
Project("{5697748A-77EF-44CA-8824-4F5637E5945B}") = "Script", "..\Resource\Script.luaproj", "{E439935D-B2A2-46AE-856D-2AA408428F33}"
EndProject
Global
	GlobalSection(SharedMSBuildProjectFiles) = preSolution
		..\..\..\..\Medusa\Medusa\Medusa.vcxitems*{e1f3e1c5-4b32-4ca6-b982-165aa7e3c428}*SharedItemsImports = 4
		..\..\..\..\Medusa\MedusaExtension\MedusaExtension.vcxitems*{d13d7cef-49a0-44bb-b03e-71ca366532da}*SharedItemsImports = 4
		..\..\..\..\Medusa\MedusaCore\MedusaCore.vcxitems*{d3eedd4f-019e-4a8a-9aab-2b28e858ad04}*SharedItemsImports = 4
		..\..\..\..\Medusa\Medusa\Medusa.vcxitems*{2d281ad8-cab7-4d00-827e-d95490dcecdc}*SharedItemsImports = 9
		..\..\..\..\Medusa\MedusaCore\MedusaCore.vcxitems*{45d41acc-2c3c-43d2-bc10-02aa73ffc7c7}*SharedItemsImports = 9
		..\..\..\..\Medusa\MedusaExtension\MedusaExtension.vcxitems*{fd4f0ceb-aab7-4162-bbe3-218507a99fb0}*SharedItemsImports = 9
	EndGlobalSection
	GlobalSection(SolutionConfigurationPlatforms) = preSolution
		Debug|Any CPU = Debug|Any CPU
		Debug|Mixed Platforms = Debug|Mixed Platforms
		Debug|Win32 = Debug|Win32
		Debug|x64 = Debug|x64
		Debug|x86 = Debug|x86
		DebugAndroid|Any CPU = DebugAndroid|Any CPU
		DebugAndroid|Mixed Platforms = DebugAndroid|Mixed Platforms
		DebugAndroid|Win32 = DebugAndroid|Win32
		DebugAndroid|x64 = DebugAndroid|x64
		DebugAndroid|x86 = DebugAndroid|x86
		DebugWin|Any CPU = DebugWin|Any CPU
		DebugWin|Mixed Platforms = DebugWin|Mixed Platforms
		DebugWin|Win32 = DebugWin|Win32
		DebugWin|x64 = DebugWin|x64
		DebugWin|x86 = DebugWin|x86
		Release|Any CPU = Release|Any CPU
		Release|Mixed Platforms = Release|Mixed Platforms
		Release|Win32 = Release|Win32
		Release|x64 = Release|x64
		Release|x86 = Release|x86
	EndGlobalSection
	GlobalSection(ProjectConfigurationPlatforms) = postSolution
		{4EB2F2B1-CC82-4613-97D0-1B431B5E8145}.Debug|Any CPU.ActiveCfg = Debug|Win32
		{4EB2F2B1-CC82-4613-97D0-1B431B5E8145}.Debug|Mixed Platforms.ActiveCfg = Debug|Win32
		{4EB2F2B1-CC82-4613-97D0-1B431B5E8145}.Debug|Mixed Platforms.Build.0 = Debug|Win32
		{4EB2F2B1-CC82-4613-97D0-1B431B5E8145}.Debug|Win32.ActiveCfg = Debug|Win32
		{4EB2F2B1-CC82-4613-97D0-1B431B5E8145}.Debug|Win32.Build.0 = Debug|Win32
		{4EB2F2B1-CC82-4613-97D0-1B431B5E8145}.Debug|x64.ActiveCfg = Debug|x64
		{4EB2F2B1-CC82-4613-97D0-1B431B5E8145}.Debug|x64.Build.0 = Debug|x64
		{4EB2F2B1-CC82-4613-97D0-1B431B5E8145}.Debug|x86.ActiveCfg = Debug|Win32
		{4EB2F2B1-CC82-4613-97D0-1B431B5E8145}.Debug|x86.Build.0 = Debug|Win32
		{4EB2F2B1-CC82-4613-97D0-1B431B5E8145}.DebugAndroid|Any CPU.ActiveCfg = Release|x64
		{4EB2F2B1-CC82-4613-97D0-1B431B5E8145}.DebugAndroid|Any CPU.Build.0 = Release|x64
		{4EB2F2B1-CC82-4613-97D0-1B431B5E8145}.DebugAndroid|Mixed Platforms.ActiveCfg = Debug|Win32
		{4EB2F2B1-CC82-4613-97D0-1B431B5E8145}.DebugAndroid|Mixed Platforms.Build.0 = Debug|Win32
		{4EB2F2B1-CC82-4613-97D0-1B431B5E8145}.DebugAndroid|Win32.ActiveCfg = Debug|Win32
		{4EB2F2B1-CC82-4613-97D0-1B431B5E8145}.DebugAndroid|Win32.Build.0 = Debug|Win32
		{4EB2F2B1-CC82-4613-97D0-1B431B5E8145}.DebugAndroid|x64.ActiveCfg = Debug|x64
		{4EB2F2B1-CC82-4613-97D0-1B431B5E8145}.DebugAndroid|x64.Build.0 = Debug|x64
		{4EB2F2B1-CC82-4613-97D0-1B431B5E8145}.DebugAndroid|x86.ActiveCfg = Debug|Win32
		{4EB2F2B1-CC82-4613-97D0-1B431B5E8145}.DebugAndroid|x86.Build.0 = Debug|Win32
		{4EB2F2B1-CC82-4613-97D0-1B431B5E8145}.DebugWin|Any CPU.ActiveCfg = Release|x64
		{4EB2F2B1-CC82-4613-97D0-1B431B5E8145}.DebugWin|Any CPU.Build.0 = Release|x64
		{4EB2F2B1-CC82-4613-97D0-1B431B5E8145}.DebugWin|Mixed Platforms.ActiveCfg = Debug|Win32
		{4EB2F2B1-CC82-4613-97D0-1B431B5E8145}.DebugWin|Mixed Platforms.Build.0 = Debug|Win32
		{4EB2F2B1-CC82-4613-97D0-1B431B5E8145}.DebugWin|Win32.ActiveCfg = Debug|Win32
		{4EB2F2B1-CC82-4613-97D0-1B431B5E8145}.DebugWin|Win32.Build.0 = Debug|Win32
		{4EB2F2B1-CC82-4613-97D0-1B431B5E8145}.DebugWin|x64.ActiveCfg = Debug|x64
		{4EB2F2B1-CC82-4613-97D0-1B431B5E8145}.DebugWin|x64.Build.0 = Debug|x64
		{4EB2F2B1-CC82-4613-97D0-1B431B5E8145}.DebugWin|x86.ActiveCfg = Debug|Win32
		{4EB2F2B1-CC82-4613-97D0-1B431B5E8145}.DebugWin|x86.Build.0 = Debug|Win32
		{4EB2F2B1-CC82-4613-97D0-1B431B5E8145}.Release|Any CPU.ActiveCfg = Release|Win32
		{4EB2F2B1-CC82-4613-97D0-1B431B5E8145}.Release|Mixed Platforms.ActiveCfg = Release|Win32
		{4EB2F2B1-CC82-4613-97D0-1B431B5E8145}.Release|Mixed Platforms.Build.0 = Release|Win32
		{4EB2F2B1-CC82-4613-97D0-1B431B5E8145}.Release|Win32.ActiveCfg = Release|Win32
		{4EB2F2B1-CC82-4613-97D0-1B431B5E8145}.Release|Win32.Build.0 = Release|Win32
		{4EB2F2B1-CC82-4613-97D0-1B431B5E8145}.Release|x64.ActiveCfg = Release|x64
		{4EB2F2B1-CC82-4613-97D0-1B431B5E8145}.Release|x64.Build.0 = Release|x64
		{4EB2F2B1-CC82-4613-97D0-1B431B5E8145}.Release|x86.ActiveCfg = Release|Win32
		{4EB2F2B1-CC82-4613-97D0-1B431B5E8145}.Release|x86.Build.0 = Release|Win32
		{D3EEDD4F-019E-4A8A-9AAB-2B28E858AD04}.Debug|Any CPU.ActiveCfg = Debug|Win32
		{D3EEDD4F-019E-4A8A-9AAB-2B28E858AD04}.Debug|Mixed Platforms.ActiveCfg = Debug|Win32
		{D3EEDD4F-019E-4A8A-9AAB-2B28E858AD04}.Debug|Mixed Platforms.Build.0 = Debug|Win32
		{D3EEDD4F-019E-4A8A-9AAB-2B28E858AD04}.Debug|Win32.ActiveCfg = Debug|Win32
		{D3EEDD4F-019E-4A8A-9AAB-2B28E858AD04}.Debug|Win32.Build.0 = Debug|Win32
		{D3EEDD4F-019E-4A8A-9AAB-2B28E858AD04}.Debug|x64.ActiveCfg = Debug|x64
		{D3EEDD4F-019E-4A8A-9AAB-2B28E858AD04}.Debug|x64.Build.0 = Debug|x64
		{D3EEDD4F-019E-4A8A-9AAB-2B28E858AD04}.Debug|x86.ActiveCfg = Debug|Win32
		{D3EEDD4F-019E-4A8A-9AAB-2B28E858AD04}.Debug|x86.Build.0 = Debug|Win32
		{D3EEDD4F-019E-4A8A-9AAB-2B28E858AD04}.DebugAndroid|Any CPU.ActiveCfg = Release|x64
		{D3EEDD4F-019E-4A8A-9AAB-2B28E858AD04}.DebugAndroid|Any CPU.Build.0 = Release|x64
		{D3EEDD4F-019E-4A8A-9AAB-2B28E858AD04}.DebugAndroid|Mixed Platforms.ActiveCfg = Debug|Win32
		{D3EEDD4F-019E-4A8A-9AAB-2B28E858AD04}.DebugAndroid|Mixed Platforms.Build.0 = Debug|Win32
		{D3EEDD4F-019E-4A8A-9AAB-2B28E858AD04}.DebugAndroid|Win32.ActiveCfg = Debug|Win32
		{D3EEDD4F-019E-4A8A-9AAB-2B28E858AD04}.DebugAndroid|Win32.Build.0 = Debug|Win32
		{D3EEDD4F-019E-4A8A-9AAB-2B28E858AD04}.DebugAndroid|x64.ActiveCfg = Debug|x64
		{D3EEDD4F-019E-4A8A-9AAB-2B28E858AD04}.DebugAndroid|x64.Build.0 = Debug|x64
		{D3EEDD4F-019E-4A8A-9AAB-2B28E858AD04}.DebugAndroid|x86.ActiveCfg = Debug|Win32
		{D3EEDD4F-019E-4A8A-9AAB-2B28E858AD04}.DebugAndroid|x86.Build.0 = Debug|Win32
		{D3EEDD4F-019E-4A8A-9AAB-2B28E858AD04}.DebugWin|Any CPU.ActiveCfg = Release|x64
		{D3EEDD4F-019E-4A8A-9AAB-2B28E858AD04}.DebugWin|Any CPU.Build.0 = Release|x64
		{D3EEDD4F-019E-4A8A-9AAB-2B28E858AD04}.DebugWin|Mixed Platforms.ActiveCfg = Debug|Win32
		{D3EEDD4F-019E-4A8A-9AAB-2B28E858AD04}.DebugWin|Mixed Platforms.Build.0 = Debug|Win32
		{D3EEDD4F-019E-4A8A-9AAB-2B28E858AD04}.DebugWin|Win32.ActiveCfg = Debug|Win32
		{D3EEDD4F-019E-4A8A-9AAB-2B28E858AD04}.DebugWin|Win32.Build.0 = Debug|Win32
		{D3EEDD4F-019E-4A8A-9AAB-2B28E858AD04}.DebugWin|x64.ActiveCfg = Debug|x64
		{D3EEDD4F-019E-4A8A-9AAB-2B28E858AD04}.DebugWin|x64.Build.0 = Debug|x64
		{D3EEDD4F-019E-4A8A-9AAB-2B28E858AD04}.DebugWin|x86.ActiveCfg = Debug|Win32
		{D3EEDD4F-019E-4A8A-9AAB-2B28E858AD04}.DebugWin|x86.Build.0 = Debug|Win32
		{D3EEDD4F-019E-4A8A-9AAB-2B28E858AD04}.Release|Any CPU.ActiveCfg = Release|Win32
		{D3EEDD4F-019E-4A8A-9AAB-2B28E858AD04}.Release|Mixed Platforms.ActiveCfg = Release|Win32
		{D3EEDD4F-019E-4A8A-9AAB-2B28E858AD04}.Release|Mixed Platforms.Build.0 = Release|Win32
		{D3EEDD4F-019E-4A8A-9AAB-2B28E858AD04}.Release|Win32.ActiveCfg = Release|Win32
		{D3EEDD4F-019E-4A8A-9AAB-2B28E858AD04}.Release|Win32.Build.0 = Release|Win32
		{D3EEDD4F-019E-4A8A-9AAB-2B28E858AD04}.Release|x64.ActiveCfg = Release|x64
		{D3EEDD4F-019E-4A8A-9AAB-2B28E858AD04}.Release|x64.Build.0 = Release|x64
		{D3EEDD4F-019E-4A8A-9AAB-2B28E858AD04}.Release|x86.ActiveCfg = Release|Win32
		{D3EEDD4F-019E-4A8A-9AAB-2B28E858AD04}.Release|x86.Build.0 = Release|Win32
		{E1F3E1C5-4B32-4CA6-B982-165AA7E3C428}.Debug|Any CPU.ActiveCfg = Debug|Win32
		{E1F3E1C5-4B32-4CA6-B982-165AA7E3C428}.Debug|Mixed Platforms.ActiveCfg = Debug|Win32
		{E1F3E1C5-4B32-4CA6-B982-165AA7E3C428}.Debug|Mixed Platforms.Build.0 = Debug|Win32
		{E1F3E1C5-4B32-4CA6-B982-165AA7E3C428}.Debug|Win32.ActiveCfg = Debug|Win32
		{E1F3E1C5-4B32-4CA6-B982-165AA7E3C428}.Debug|Win32.Build.0 = Debug|Win32
		{E1F3E1C5-4B32-4CA6-B982-165AA7E3C428}.Debug|x64.ActiveCfg = Debug|x64
		{E1F3E1C5-4B32-4CA6-B982-165AA7E3C428}.Debug|x64.Build.0 = Debug|x64
		{E1F3E1C5-4B32-4CA6-B982-165AA7E3C428}.Debug|x86.ActiveCfg = Debug|Win32
		{E1F3E1C5-4B32-4CA6-B982-165AA7E3C428}.Debug|x86.Build.0 = Debug|Win32
		{E1F3E1C5-4B32-4CA6-B982-165AA7E3C428}.DebugAndroid|Any CPU.ActiveCfg = Release|x64
		{E1F3E1C5-4B32-4CA6-B982-165AA7E3C428}.DebugAndroid|Any CPU.Build.0 = Release|x64
		{E1F3E1C5-4B32-4CA6-B982-165AA7E3C428}.DebugAndroid|Mixed Platforms.ActiveCfg = Debug|Win32
		{E1F3E1C5-4B32-4CA6-B982-165AA7E3C428}.DebugAndroid|Mixed Platforms.Build.0 = Debug|Win32
		{E1F3E1C5-4B32-4CA6-B982-165AA7E3C428}.DebugAndroid|Win32.ActiveCfg = Debug|Win32
		{E1F3E1C5-4B32-4CA6-B982-165AA7E3C428}.DebugAndroid|Win32.Build.0 = Debug|Win32
		{E1F3E1C5-4B32-4CA6-B982-165AA7E3C428}.DebugAndroid|x64.ActiveCfg = Debug|x64
		{E1F3E1C5-4B32-4CA6-B982-165AA7E3C428}.DebugAndroid|x64.Build.0 = Debug|x64
		{E1F3E1C5-4B32-4CA6-B982-165AA7E3C428}.DebugAndroid|x86.ActiveCfg = Debug|Win32
		{E1F3E1C5-4B32-4CA6-B982-165AA7E3C428}.DebugAndroid|x86.Build.0 = Debug|Win32
		{E1F3E1C5-4B32-4CA6-B982-165AA7E3C428}.DebugWin|Any CPU.ActiveCfg = Release|x64
		{E1F3E1C5-4B32-4CA6-B982-165AA7E3C428}.DebugWin|Any CPU.Build.0 = Release|x64
		{E1F3E1C5-4B32-4CA6-B982-165AA7E3C428}.DebugWin|Mixed Platforms.ActiveCfg = Debug|Win32
		{E1F3E1C5-4B32-4CA6-B982-165AA7E3C428}.DebugWin|Mixed Platforms.Build.0 = Debug|Win32
		{E1F3E1C5-4B32-4CA6-B982-165AA7E3C428}.DebugWin|Win32.ActiveCfg = Debug|Win32
		{E1F3E1C5-4B32-4CA6-B982-165AA7E3C428}.DebugWin|Win32.Build.0 = Debug|Win32
		{E1F3E1C5-4B32-4CA6-B982-165AA7E3C428}.DebugWin|x64.ActiveCfg = Debug|x64
		{E1F3E1C5-4B32-4CA6-B982-165AA7E3C428}.DebugWin|x64.Build.0 = Debug|x64
		{E1F3E1C5-4B32-4CA6-B982-165AA7E3C428}.DebugWin|x86.ActiveCfg = Debug|Win32
		{E1F3E1C5-4B32-4CA6-B982-165AA7E3C428}.DebugWin|x86.Build.0 = Debug|Win32
		{E1F3E1C5-4B32-4CA6-B982-165AA7E3C428}.Release|Any CPU.ActiveCfg = Release|Win32
		{E1F3E1C5-4B32-4CA6-B982-165AA7E3C428}.Release|Mixed Platforms.ActiveCfg = Release|Win32
		{E1F3E1C5-4B32-4CA6-B982-165AA7E3C428}.Release|Mixed Platforms.Build.0 = Release|Win32
		{E1F3E1C5-4B32-4CA6-B982-165AA7E3C428}.Release|Win32.ActiveCfg = Release|Win32
		{E1F3E1C5-4B32-4CA6-B982-165AA7E3C428}.Release|Win32.Build.0 = Release|Win32
		{E1F3E1C5-4B32-4CA6-B982-165AA7E3C428}.Release|x64.ActiveCfg = Release|x64
		{E1F3E1C5-4B32-4CA6-B982-165AA7E3C428}.Release|x64.Build.0 = Release|x64
		{E1F3E1C5-4B32-4CA6-B982-165AA7E3C428}.Release|x86.ActiveCfg = Release|Win32
		{E1F3E1C5-4B32-4CA6-B982-165AA7E3C428}.Release|x86.Build.0 = Release|Win32
		{D13D7CEF-49A0-44BB-B03E-71CA366532DA}.Debug|Any CPU.ActiveCfg = Debug|Win32
		{D13D7CEF-49A0-44BB-B03E-71CA366532DA}.Debug|Mixed Platforms.ActiveCfg = Debug|Win32
		{D13D7CEF-49A0-44BB-B03E-71CA366532DA}.Debug|Mixed Platforms.Build.0 = Debug|Win32
		{D13D7CEF-49A0-44BB-B03E-71CA366532DA}.Debug|Win32.ActiveCfg = Debug|Win32
		{D13D7CEF-49A0-44BB-B03E-71CA366532DA}.Debug|Win32.Build.0 = Debug|Win32
		{D13D7CEF-49A0-44BB-B03E-71CA366532DA}.Debug|x64.ActiveCfg = Debug|x64
		{D13D7CEF-49A0-44BB-B03E-71CA366532DA}.Debug|x64.Build.0 = Debug|x64
		{D13D7CEF-49A0-44BB-B03E-71CA366532DA}.Debug|x86.ActiveCfg = Debug|Win32
		{D13D7CEF-49A0-44BB-B03E-71CA366532DA}.Debug|x86.Build.0 = Debug|Win32
		{D13D7CEF-49A0-44BB-B03E-71CA366532DA}.DebugAndroid|Any CPU.ActiveCfg = Release|x64
		{D13D7CEF-49A0-44BB-B03E-71CA366532DA}.DebugAndroid|Any CPU.Build.0 = Release|x64
		{D13D7CEF-49A0-44BB-B03E-71CA366532DA}.DebugAndroid|Mixed Platforms.ActiveCfg = Debug|Win32
		{D13D7CEF-49A0-44BB-B03E-71CA366532DA}.DebugAndroid|Mixed Platforms.Build.0 = Debug|Win32
		{D13D7CEF-49A0-44BB-B03E-71CA366532DA}.DebugAndroid|Win32.ActiveCfg = Debug|Win32
		{D13D7CEF-49A0-44BB-B03E-71CA366532DA}.DebugAndroid|Win32.Build.0 = Debug|Win32
		{D13D7CEF-49A0-44BB-B03E-71CA366532DA}.DebugAndroid|x64.ActiveCfg = Debug|x64
		{D13D7CEF-49A0-44BB-B03E-71CA366532DA}.DebugAndroid|x64.Build.0 = Debug|x64
		{D13D7CEF-49A0-44BB-B03E-71CA366532DA}.DebugAndroid|x86.ActiveCfg = Debug|Win32
		{D13D7CEF-49A0-44BB-B03E-71CA366532DA}.DebugAndroid|x86.Build.0 = Debug|Win32
		{D13D7CEF-49A0-44BB-B03E-71CA366532DA}.DebugWin|Any CPU.ActiveCfg = Release|x64
		{D13D7CEF-49A0-44BB-B03E-71CA366532DA}.DebugWin|Any CPU.Build.0 = Release|x64
		{D13D7CEF-49A0-44BB-B03E-71CA366532DA}.DebugWin|Mixed Platforms.ActiveCfg = Debug|Win32
		{D13D7CEF-49A0-44BB-B03E-71CA366532DA}.DebugWin|Mixed Platforms.Build.0 = Debug|Win32
		{D13D7CEF-49A0-44BB-B03E-71CA366532DA}.DebugWin|Win32.ActiveCfg = Debug|Win32
		{D13D7CEF-49A0-44BB-B03E-71CA366532DA}.DebugWin|Win32.Build.0 = Debug|Win32
		{D13D7CEF-49A0-44BB-B03E-71CA366532DA}.DebugWin|x64.ActiveCfg = Debug|x64
		{D13D7CEF-49A0-44BB-B03E-71CA366532DA}.DebugWin|x64.Build.0 = Debug|x64
		{D13D7CEF-49A0-44BB-B03E-71CA366532DA}.DebugWin|x86.ActiveCfg = Debug|Win32
		{D13D7CEF-49A0-44BB-B03E-71CA366532DA}.DebugWin|x86.Build.0 = Debug|Win32
		{D13D7CEF-49A0-44BB-B03E-71CA366532DA}.Release|Any CPU.ActiveCfg = Release|Win32
		{D13D7CEF-49A0-44BB-B03E-71CA366532DA}.Release|Mixed Platforms.ActiveCfg = Release|Win32
		{D13D7CEF-49A0-44BB-B03E-71CA366532DA}.Release|Mixed Platforms.Build.0 = Release|Win32
		{D13D7CEF-49A0-44BB-B03E-71CA366532DA}.Release|Win32.ActiveCfg = Release|Win32
		{D13D7CEF-49A0-44BB-B03E-71CA366532DA}.Release|Win32.Build.0 = Release|Win32
		{D13D7CEF-49A0-44BB-B03E-71CA366532DA}.Release|x64.ActiveCfg = Release|x64
		{D13D7CEF-49A0-44BB-B03E-71CA366532DA}.Release|x64.Build.0 = Release|x64
		{D13D7CEF-49A0-44BB-B03E-71CA366532DA}.Release|x86.ActiveCfg = Release|Win32
		{D13D7CEF-49A0-44BB-B03E-71CA366532DA}.Release|x86.Build.0 = Release|Win32
		{E439935D-B2A2-46AE-856D-2AA408428F33}.Debug|Any CPU.ActiveCfg = Debug|Any CPU
		{E439935D-B2A2-46AE-856D-2AA408428F33}.Debug|Any CPU.Build.0 = Debug|Any CPU
		{E439935D-B2A2-46AE-856D-2AA408428F33}.Debug|Mixed Platforms.ActiveCfg = Debug|Any CPU
		{E439935D-B2A2-46AE-856D-2AA408428F33}.Debug|Mixed Platforms.Build.0 = Debug|Any CPU
		{E439935D-B2A2-46AE-856D-2AA408428F33}.Debug|Win32.ActiveCfg = Debug|Any CPU
		{E439935D-B2A2-46AE-856D-2AA408428F33}.Debug|Win32.Build.0 = Debug|Any CPU
		{E439935D-B2A2-46AE-856D-2AA408428F33}.Debug|x64.ActiveCfg = Debug|Any CPU
		{E439935D-B2A2-46AE-856D-2AA408428F33}.Debug|x64.Build.0 = Debug|Any CPU
		{E439935D-B2A2-46AE-856D-2AA408428F33}.Debug|x86.ActiveCfg = Debug|Any CPU
		{E439935D-B2A2-46AE-856D-2AA408428F33}.Debug|x86.Build.0 = Debug|Any CPU
		{E439935D-B2A2-46AE-856D-2AA408428F33}.DebugAndroid|Any CPU.ActiveCfg = Debug|Any CPU
		{E439935D-B2A2-46AE-856D-2AA408428F33}.DebugAndroid|Any CPU.Build.0 = Debug|Any CPU
		{E439935D-B2A2-46AE-856D-2AA408428F33}.DebugAndroid|Mixed Platforms.ActiveCfg = Debug|Any CPU
		{E439935D-B2A2-46AE-856D-2AA408428F33}.DebugAndroid|Mixed Platforms.Build.0 = Debug|Any CPU
		{E439935D-B2A2-46AE-856D-2AA408428F33}.DebugAndroid|Win32.ActiveCfg = Debug|Any CPU
		{E439935D-B2A2-46AE-856D-2AA408428F33}.DebugAndroid|Win32.Build.0 = Debug|Any CPU
		{E439935D-B2A2-46AE-856D-2AA408428F33}.DebugAndroid|x64.ActiveCfg = Debug|Any CPU
		{E439935D-B2A2-46AE-856D-2AA408428F33}.DebugAndroid|x64.Build.0 = Debug|Any CPU
		{E439935D-B2A2-46AE-856D-2AA408428F33}.DebugAndroid|x86.ActiveCfg = Debug|Any CPU
		{E439935D-B2A2-46AE-856D-2AA408428F33}.DebugAndroid|x86.Build.0 = Debug|Any CPU
		{E439935D-B2A2-46AE-856D-2AA408428F33}.DebugWin|Any CPU.ActiveCfg = Debug|Any CPU
		{E439935D-B2A2-46AE-856D-2AA408428F33}.DebugWin|Any CPU.Build.0 = Debug|Any CPU
		{E439935D-B2A2-46AE-856D-2AA408428F33}.DebugWin|Mixed Platforms.ActiveCfg = Debug|Any CPU
		{E439935D-B2A2-46AE-856D-2AA408428F33}.DebugWin|Mixed Platforms.Build.0 = Debug|Any CPU
		{E439935D-B2A2-46AE-856D-2AA408428F33}.DebugWin|Win32.ActiveCfg = Debug|Any CPU
		{E439935D-B2A2-46AE-856D-2AA408428F33}.DebugWin|Win32.Build.0 = Debug|Any CPU
		{E439935D-B2A2-46AE-856D-2AA408428F33}.DebugWin|x64.ActiveCfg = Debug|Any CPU
		{E439935D-B2A2-46AE-856D-2AA408428F33}.DebugWin|x64.Build.0 = Debug|Any CPU
		{E439935D-B2A2-46AE-856D-2AA408428F33}.DebugWin|x86.ActiveCfg = Debug|Any CPU
		{E439935D-B2A2-46AE-856D-2AA408428F33}.DebugWin|x86.Build.0 = Debug|Any CPU
		{E439935D-B2A2-46AE-856D-2AA408428F33}.Release|Any CPU.ActiveCfg = Release|Any CPU
		{E439935D-B2A2-46AE-856D-2AA408428F33}.Release|Any CPU.Build.0 = Release|Any CPU
		{E439935D-B2A2-46AE-856D-2AA408428F33}.Release|Mixed Platforms.ActiveCfg = Release|Any CPU
		{E439935D-B2A2-46AE-856D-2AA408428F33}.Release|Mixed Platforms.Build.0 = Release|Any CPU
		{E439935D-B2A2-46AE-856D-2AA408428F33}.Release|Win32.ActiveCfg = Release|Any CPU
		{E439935D-B2A2-46AE-856D-2AA408428F33}.Release|Win32.Build.0 = Release|Any CPU
		{E439935D-B2A2-46AE-856D-2AA408428F33}.Release|x64.ActiveCfg = Release|Any CPU
		{E439935D-B2A2-46AE-856D-2AA408428F33}.Release|x64.Build.0 = Release|Any CPU
		{E439935D-B2A2-46AE-856D-2AA408428F33}.Release|x86.ActiveCfg = Release|Any CPU
		{E439935D-B2A2-46AE-856D-2AA408428F33}.Release|x86.Build.0 = Release|Any CPU
	EndGlobalSection
	GlobalSection(SolutionProperties) = preSolution
		HideSolutionNode = FALSE
	EndGlobalSection
	GlobalSection(NestedProjects) = preSolution
		{D3EEDD4F-019E-4A8A-9AAB-2B28E858AD04} = {BCF274D3-CE66-49FE-A186-70A953661051}
		{E1F3E1C5-4B32-4CA6-B982-165AA7E3C428} = {BCF274D3-CE66-49FE-A186-70A953661051}
		{D13D7CEF-49A0-44BB-B03E-71CA366532DA} = {BCF274D3-CE66-49FE-A186-70A953661051}
	EndGlobalSection
	GlobalSection(TeamFoundationVersionControl) = preSolution
		SccNumberOfProjects = 2
		SccEnterpriseProvider = {4CA58AB2-18FA-4F8D-95D4-32DDF27D184C}
		SccTeamFoundationServer = https://fjz.visualstudio.com/defaultcollection
		SccProjectUniqueName0 = ..\\..\\..\\..\\Medusa\\Medusa\\win\\Medusa.Win.vcxproj
		SccProjectTopLevelParentUniqueName0 = HelloLua.sln
		SccProjectName0 = ../../../../Medusa/Medusa/win
		SccAuxPath0 = https://fjz.visualstudio.com/defaultcollection
		SccLocalPath0 = ..\\..\\..\\..\\Medusa\\Medusa\\win
		SccProvider0 = {4CA58AB2-18FA-4F8D-95D4-32DDF27D184C}
		SccProjectUniqueName1 = ..\\..\\..\\..\\Medusa\\MedusaExtension\\win\\MedusaExtension.Win.vcxproj
		SccProjectTopLevelParentUniqueName1 = HelloLua.sln
		SccProjectName1 = ../../../../Medusa/MedusaExtension/win
		SccAuxPath1 = https://fjz.visualstudio.com/defaultcollection
		SccLocalPath1 = ..\\..\\..\\..\\Medusa\\MedusaExtension\\win
		SccProvider1 = {4CA58AB2-18FA-4F8D-95D4-32DDF27D184C}
	EndGlobalSection
EndGlobal
