Microsoft Visual Studio Solution File, Format Version 12.00
# Visual Studio 14
VisualStudioVersion = 14.0.23107.0
MinimumVisualStudioVersion = 10.0.40219.1
Project("{F088123C-0E9E-452A-89E6-6BA2F21D5CAC}") = "MedusaModelingProject", "MedusaModelingProject\MedusaModelingProject.modelproj", "{0DBD2071-9338-49D7-9A72-A58514B3DF19}"
EndProject
Project("{2150E333-8FDC-42A3-9474-1A3956D46DE8}") = "Tool", "Tool", "{7B77FAF8-A365-421A-B002-5D3D5FE8630F}"
EndProject
Project("{8BC9CEB8-8B4A-11D0-8D11-00A0C91BC942}") = "CodeGenerator", "..\Tool\CodeGenerator\CodeGenerator.vcxproj", "{E49F15F5-626C-4851-AA6A-FAC043412077}"
EndProject
Project("{FAE04EC0-301F-11D3-BF4B-00C04F79EFBC}") = "CodeAnalyzer", "..\Tool\CodeAnalyzer\CodeAnalyzer.csproj", "{6DA85189-E3E3-4A48-ABEE-82DEDD491219}"
EndProject
Project("{2150E333-8FDC-42A3-9474-1A3956D46DE8}") = "Test", "Test", "{6AC6F487-D3E9-46C4-984E-3C62828CC782}"
EndProject
Project("{8BC9CEB8-8B4A-11D0-8D11-00A0C91BC942}") = "UnitTest", "..\Test\UnitTest\UnitTest.vcxproj", "{2D455E69-D007-47B6-BEA4-580322730104}"
	ProjectSection(ProjectDependencies) = postProject
		{D3EEDD4F-019E-4A8A-9AAB-2B28E858AD04} = {D3EEDD4F-019E-4A8A-9AAB-2B28E858AD04}
	EndProjectSection
EndProject
Project("{FAE04EC0-301F-11D3-BF4B-00C04F79EFBC}") = "Siren", "Siren\Siren.csproj", "{44E3D588-83DD-40FC-B92B-D68987E14154}"
EndProject
Project("{FAE04EC0-301F-11D3-BF4B-00C04F79EFBC}") = "MedusaProto", "MedusaProto\MedusaProto.csproj", "{DA64A783-B7D5-49C9-8299-C9D0ABAC2944}"
EndProject
Project("{FAE04EC0-301F-11D3-BF4B-00C04F79EFBC}") = "DotNetUnitTest", "..\Test\DotNetUnitTest\DotNetUnitTest.csproj", "{915EED91-E5FA-42E8-85D8-A909BDA3201A}"
EndProject
Project("{8BC9CEB8-8B4A-11D0-8D11-00A0C91BC942}") = "MedusaCore", "MedusaCore\MedusaCore.vcxitems", "{45D41ACC-2C3C-43D2-BC10-02AA73FFC7C7}"
EndProject
Project("{2150E333-8FDC-42A3-9474-1A3956D46DE8}") = "android", "android", "{C37D9BC6-B200-4EF7-8CC8-A74BC49B2919}"
EndProject
Project("{2150E333-8FDC-42A3-9474-1A3956D46DE8}") = "ios", "ios", "{EADCFD28-511C-4FD9-A75F-839CC9839264}"
EndProject
Project("{2150E333-8FDC-42A3-9474-1A3956D46DE8}") = "win", "win", "{49DCF052-E34B-46EA-8198-C94B13A11FA2}"
EndProject
Project("{8BC9CEB8-8B4A-11D0-8D11-00A0C91BC942}") = "MedusaExtension", "MedusaExtension\MedusaExtension.vcxitems", "{FD4F0CEB-AAB7-4162-BBE3-218507A99FB0}"
EndProject
Project("{8BC9CEB8-8B4A-11D0-8D11-00A0C91BC942}") = "Medusa", "Medusa\Medusa.vcxitems", "{2D281AD8-CAB7-4D00-827E-D95490DCECDC}"
EndProject
Project("{8BC9CEB8-8B4A-11D0-8D11-00A0C91BC942}") = "Test", "..\Test\Test\Test.vcxitems", "{77B0C925-8893-4BE4-A4FA-91AAD34C542C}"
EndProject
Project("{8BC9CEB8-8B4A-11D0-8D11-00A0C91BC942}") = "MedusaCore.Win", "MedusaCore\win\MedusaCore.Win.vcxproj", "{D3EEDD4F-019E-4A8A-9AAB-2B28E858AD04}"
EndProject
Project("{8BC9CEB8-8B4A-11D0-8D11-00A0C91BC942}") = "MedusaExtension.Win", "MedusaExtension\win\MedusaExtension.Win.vcxproj", "{D13D7CEF-49A0-44BB-B03E-71CA366532DA}"
	ProjectSection(ProjectDependencies) = postProject
		{D3EEDD4F-019E-4A8A-9AAB-2B28E858AD04} = {D3EEDD4F-019E-4A8A-9AAB-2B28E858AD04}
		{E1F3E1C5-4B32-4CA6-B982-165AA7E3C428} = {E1F3E1C5-4B32-4CA6-B982-165AA7E3C428}
	EndProjectSection
EndProject
Project("{8BC9CEB8-8B4A-11D0-8D11-00A0C91BC942}") = "Medusa.Win", "Medusa\win\Medusa.Win.vcxproj", "{E1F3E1C5-4B32-4CA6-B982-165AA7E3C428}"
	ProjectSection(ProjectDependencies) = postProject
		{D3EEDD4F-019E-4A8A-9AAB-2B28E858AD04} = {D3EEDD4F-019E-4A8A-9AAB-2B28E858AD04}
	EndProjectSection
EndProject
Project("{8BC9CEB8-8B4A-11D0-8D11-00A0C91BC942}") = "Test.Win", "..\Test\Test\win\Test.Win.vcxproj", "{6E9ED970-0316-4B94-80CC-7ACD4F0C5B3F}"
	ProjectSection(ProjectDependencies) = postProject
		{D3EEDD4F-019E-4A8A-9AAB-2B28E858AD04} = {D3EEDD4F-019E-4A8A-9AAB-2B28E858AD04}
		{E1F3E1C5-4B32-4CA6-B982-165AA7E3C428} = {E1F3E1C5-4B32-4CA6-B982-165AA7E3C428}
		{D13D7CEF-49A0-44BB-B03E-71CA366532DA} = {D13D7CEF-49A0-44BB-B03E-71CA366532DA}
	EndProjectSection
EndProject
Global
	GlobalSection(SharedMSBuildProjectFiles) = preSolution
		Medusa\Medusa.vcxitems*{e1f3e1c5-4b32-4ca6-b982-165aa7e3c428}*SharedItemsImports = 4
		MedusaExtension\MedusaExtension.vcxitems*{d13d7cef-49a0-44bb-b03e-71ca366532da}*SharedItemsImports = 4
		MedusaCore\MedusaCore.vcxitems*{d3eedd4f-019e-4a8a-9aab-2b28e858ad04}*SharedItemsImports = 4
		..\Test\Test\Test.vcxitems*{6e9ed970-0316-4b94-80cc-7acd4f0c5b3f}*SharedItemsImports = 4
		Medusa\Medusa.vcxitems*{2d281ad8-cab7-4d00-827e-d95490dcecdc}*SharedItemsImports = 9
		MedusaCore\MedusaCore.vcxitems*{45d41acc-2c3c-43d2-bc10-02aa73ffc7c7}*SharedItemsImports = 9
		..\Test\Test\Test.vcxitems*{77b0c925-8893-4be4-a4fa-91aad34c542c}*SharedItemsImports = 9
		MedusaExtension\MedusaExtension.vcxitems*{fd4f0ceb-aab7-4162-bbe3-218507a99fb0}*SharedItemsImports = 9
	EndGlobalSection
	GlobalSection(SolutionConfigurationPlatforms) = preSolution
		Debug|Any CPU = Debug|Any CPU
		Debug|ARM = Debug|ARM
		Debug|Mixed Platforms = Debug|Mixed Platforms
		Debug|Win32 = Debug|Win32
		Debug|x64 = Debug|x64
		Debug|x86 = Debug|x86
		Release|Any CPU = Release|Any CPU
		Release|ARM = Release|ARM
		Release|Mixed Platforms = Release|Mixed Platforms
		Release|Win32 = Release|Win32
		Release|x64 = Release|x64
		Release|x86 = Release|x86
	EndGlobalSection
	GlobalSection(ProjectConfigurationPlatforms) = postSolution
		{0DBD2071-9338-49D7-9A72-A58514B3DF19}.Debug|Any CPU.ActiveCfg = Debug|Any CPU
		{0DBD2071-9338-49D7-9A72-A58514B3DF19}.Debug|ARM.ActiveCfg = Debug|Any CPU
		{0DBD2071-9338-49D7-9A72-A58514B3DF19}.Debug|ARM.Build.0 = Debug|Any CPU
		{0DBD2071-9338-49D7-9A72-A58514B3DF19}.Debug|Mixed Platforms.ActiveCfg = Debug|Any CPU
		{0DBD2071-9338-49D7-9A72-A58514B3DF19}.Debug|Win32.ActiveCfg = Debug|Any CPU
		{0DBD2071-9338-49D7-9A72-A58514B3DF19}.Debug|x64.ActiveCfg = Debug|Any CPU
		{0DBD2071-9338-49D7-9A72-A58514B3DF19}.Debug|x86.ActiveCfg = Debug|Any CPU
		{0DBD2071-9338-49D7-9A72-A58514B3DF19}.Release|Any CPU.ActiveCfg = Release|Any CPU
		{0DBD2071-9338-49D7-9A72-A58514B3DF19}.Release|Any CPU.Build.0 = Release|Any CPU
		{0DBD2071-9338-49D7-9A72-A58514B3DF19}.Release|ARM.ActiveCfg = Release|Any CPU
		{0DBD2071-9338-49D7-9A72-A58514B3DF19}.Release|ARM.Build.0 = Release|Any CPU
		{0DBD2071-9338-49D7-9A72-A58514B3DF19}.Release|Mixed Platforms.ActiveCfg = Release|Any CPU
		{0DBD2071-9338-49D7-9A72-A58514B3DF19}.Release|Mixed Platforms.Build.0 = Release|Any CPU
		{0DBD2071-9338-49D7-9A72-A58514B3DF19}.Release|Win32.ActiveCfg = Release|Any CPU
		{0DBD2071-9338-49D7-9A72-A58514B3DF19}.Release|x64.ActiveCfg = Release|Any CPU
		{0DBD2071-9338-49D7-9A72-A58514B3DF19}.Release|x86.ActiveCfg = Release|Any CPU
		{E49F15F5-626C-4851-AA6A-FAC043412077}.Debug|Any CPU.ActiveCfg = Debug|Win32
		{E49F15F5-626C-4851-AA6A-FAC043412077}.Debug|ARM.ActiveCfg = Debug|Win32
		{E49F15F5-626C-4851-AA6A-FAC043412077}.Debug|Mixed Platforms.ActiveCfg = Debug|Win32
		{E49F15F5-626C-4851-AA6A-FAC043412077}.Debug|Mixed Platforms.Build.0 = Debug|Win32
		{E49F15F5-626C-4851-AA6A-FAC043412077}.Debug|Win32.ActiveCfg = Debug|Win32
		{E49F15F5-626C-4851-AA6A-FAC043412077}.Debug|x64.ActiveCfg = Debug|x64
		{E49F15F5-626C-4851-AA6A-FAC043412077}.Debug|x64.Build.0 = Debug|x64
		{E49F15F5-626C-4851-AA6A-FAC043412077}.Debug|x86.ActiveCfg = Debug|Win32
		{E49F15F5-626C-4851-AA6A-FAC043412077}.Release|Any CPU.ActiveCfg = Release|Win32
		{E49F15F5-626C-4851-AA6A-FAC043412077}.Release|ARM.ActiveCfg = Release|Win32
		{E49F15F5-626C-4851-AA6A-FAC043412077}.Release|Mixed Platforms.ActiveCfg = Release|Win32
		{E49F15F5-626C-4851-AA6A-FAC043412077}.Release|Mixed Platforms.Build.0 = Release|Win32
		{E49F15F5-626C-4851-AA6A-FAC043412077}.Release|Win32.ActiveCfg = Release|Win32
		{E49F15F5-626C-4851-AA6A-FAC043412077}.Release|x64.ActiveCfg = Release|x64
		{E49F15F5-626C-4851-AA6A-FAC043412077}.Release|x64.Build.0 = Release|x64
		{E49F15F5-626C-4851-AA6A-FAC043412077}.Release|x86.ActiveCfg = Release|Win32
		{6DA85189-E3E3-4A48-ABEE-82DEDD491219}.Debug|Any CPU.ActiveCfg = Debug|x86
		{6DA85189-E3E3-4A48-ABEE-82DEDD491219}.Debug|ARM.ActiveCfg = Debug|x86
		{6DA85189-E3E3-4A48-ABEE-82DEDD491219}.Debug|Mixed Platforms.ActiveCfg = Debug|x86
		{6DA85189-E3E3-4A48-ABEE-82DEDD491219}.Debug|Mixed Platforms.Build.0 = Debug|x86
		{6DA85189-E3E3-4A48-ABEE-82DEDD491219}.Debug|Win32.ActiveCfg = Debug|x86
		{6DA85189-E3E3-4A48-ABEE-82DEDD491219}.Debug|x64.ActiveCfg = Debug|x64
		{6DA85189-E3E3-4A48-ABEE-82DEDD491219}.Debug|x64.Build.0 = Debug|x64
		{6DA85189-E3E3-4A48-ABEE-82DEDD491219}.Debug|x86.ActiveCfg = Debug|x86
		{6DA85189-E3E3-4A48-ABEE-82DEDD491219}.Release|Any CPU.ActiveCfg = Release|x86
		{6DA85189-E3E3-4A48-ABEE-82DEDD491219}.Release|ARM.ActiveCfg = Release|x86
		{6DA85189-E3E3-4A48-ABEE-82DEDD491219}.Release|Mixed Platforms.ActiveCfg = Release|x86
		{6DA85189-E3E3-4A48-ABEE-82DEDD491219}.Release|Mixed Platforms.Build.0 = Release|x86
		{6DA85189-E3E3-4A48-ABEE-82DEDD491219}.Release|Win32.ActiveCfg = Release|x86
		{6DA85189-E3E3-4A48-ABEE-82DEDD491219}.Release|x64.ActiveCfg = Release|x64
		{6DA85189-E3E3-4A48-ABEE-82DEDD491219}.Release|x64.Build.0 = Release|x64
		{6DA85189-E3E3-4A48-ABEE-82DEDD491219}.Release|x86.ActiveCfg = Release|x86
		{2D455E69-D007-47B6-BEA4-580322730104}.Debug|Any CPU.ActiveCfg = Debug|Win32
		{2D455E69-D007-47B6-BEA4-580322730104}.Debug|ARM.ActiveCfg = Debug|Win32
		{2D455E69-D007-47B6-BEA4-580322730104}.Debug|Mixed Platforms.ActiveCfg = Debug|Win32
		{2D455E69-D007-47B6-BEA4-580322730104}.Debug|Mixed Platforms.Build.0 = Debug|Win32
		{2D455E69-D007-47B6-BEA4-580322730104}.Debug|Win32.ActiveCfg = Debug|Win32
		{2D455E69-D007-47B6-BEA4-580322730104}.Debug|x64.ActiveCfg = Debug|x64
		{2D455E69-D007-47B6-BEA4-580322730104}.Debug|x64.Build.0 = Debug|x64
		{2D455E69-D007-47B6-BEA4-580322730104}.Debug|x86.ActiveCfg = Debug|Win32
		{2D455E69-D007-47B6-BEA4-580322730104}.Release|Any CPU.ActiveCfg = Release|Win32
		{2D455E69-D007-47B6-BEA4-580322730104}.Release|ARM.ActiveCfg = Release|Win32
		{2D455E69-D007-47B6-BEA4-580322730104}.Release|Mixed Platforms.ActiveCfg = Release|Win32
		{2D455E69-D007-47B6-BEA4-580322730104}.Release|Mixed Platforms.Build.0 = Release|Win32
		{2D455E69-D007-47B6-BEA4-580322730104}.Release|Win32.ActiveCfg = Release|Win32
		{2D455E69-D007-47B6-BEA4-580322730104}.Release|Win32.Build.0 = Release|Win32
		{2D455E69-D007-47B6-BEA4-580322730104}.Release|x64.ActiveCfg = Release|x64
		{2D455E69-D007-47B6-BEA4-580322730104}.Release|x64.Build.0 = Release|x64
		{2D455E69-D007-47B6-BEA4-580322730104}.Release|x86.ActiveCfg = Release|Win32
		{44E3D588-83DD-40FC-B92B-D68987E14154}.Debug|Any CPU.ActiveCfg = Debug|Any CPU
		{44E3D588-83DD-40FC-B92B-D68987E14154}.Debug|Any CPU.Build.0 = Debug|Any CPU
		{44E3D588-83DD-40FC-B92B-D68987E14154}.Debug|ARM.ActiveCfg = Debug|Any CPU
		{44E3D588-83DD-40FC-B92B-D68987E14154}.Debug|ARM.Build.0 = Debug|Any CPU
		{44E3D588-83DD-40FC-B92B-D68987E14154}.Debug|Mixed Platforms.ActiveCfg = Debug|Any CPU
		{44E3D588-83DD-40FC-B92B-D68987E14154}.Debug|Mixed Platforms.Build.0 = Debug|Any CPU
		{44E3D588-83DD-40FC-B92B-D68987E14154}.Debug|Win32.ActiveCfg = Debug|Any CPU
		{44E3D588-83DD-40FC-B92B-D68987E14154}.Debug|x64.ActiveCfg = Debug|Any CPU
		{44E3D588-83DD-40FC-B92B-D68987E14154}.Debug|x86.ActiveCfg = Debug|Any CPU
		{44E3D588-83DD-40FC-B92B-D68987E14154}.Release|Any CPU.ActiveCfg = Release|Any CPU
		{44E3D588-83DD-40FC-B92B-D68987E14154}.Release|Any CPU.Build.0 = Release|Any CPU
		{44E3D588-83DD-40FC-B92B-D68987E14154}.Release|ARM.ActiveCfg = Release|Any CPU
		{44E3D588-83DD-40FC-B92B-D68987E14154}.Release|ARM.Build.0 = Release|Any CPU
		{44E3D588-83DD-40FC-B92B-D68987E14154}.Release|Mixed Platforms.ActiveCfg = Release|Any CPU
		{44E3D588-83DD-40FC-B92B-D68987E14154}.Release|Mixed Platforms.Build.0 = Release|Any CPU
		{44E3D588-83DD-40FC-B92B-D68987E14154}.Release|Win32.ActiveCfg = Release|Any CPU
		{44E3D588-83DD-40FC-B92B-D68987E14154}.Release|x64.ActiveCfg = Release|Any CPU
		{44E3D588-83DD-40FC-B92B-D68987E14154}.Release|x86.ActiveCfg = Release|Any CPU
		{DA64A783-B7D5-49C9-8299-C9D0ABAC2944}.Debug|Any CPU.ActiveCfg = Debug|Any CPU
		{DA64A783-B7D5-49C9-8299-C9D0ABAC2944}.Debug|Any CPU.Build.0 = Debug|Any CPU
		{DA64A783-B7D5-49C9-8299-C9D0ABAC2944}.Debug|ARM.ActiveCfg = Debug|Any CPU
		{DA64A783-B7D5-49C9-8299-C9D0ABAC2944}.Debug|ARM.Build.0 = Debug|Any CPU
		{DA64A783-B7D5-49C9-8299-C9D0ABAC2944}.Debug|Mixed Platforms.ActiveCfg = Debug|Any CPU
		{DA64A783-B7D5-49C9-8299-C9D0ABAC2944}.Debug|Mixed Platforms.Build.0 = Debug|Any CPU
		{DA64A783-B7D5-49C9-8299-C9D0ABAC2944}.Debug|Win32.ActiveCfg = Debug|Any CPU
		{DA64A783-B7D5-49C9-8299-C9D0ABAC2944}.Debug|x64.ActiveCfg = Debug|Any CPU
		{DA64A783-B7D5-49C9-8299-C9D0ABAC2944}.Debug|x86.ActiveCfg = Debug|Any CPU
		{DA64A783-B7D5-49C9-8299-C9D0ABAC2944}.Release|Any CPU.ActiveCfg = Release|Any CPU
		{DA64A783-B7D5-49C9-8299-C9D0ABAC2944}.Release|Any CPU.Build.0 = Release|Any CPU
		{DA64A783-B7D5-49C9-8299-C9D0ABAC2944}.Release|ARM.ActiveCfg = Release|Any CPU
		{DA64A783-B7D5-49C9-8299-C9D0ABAC2944}.Release|ARM.Build.0 = Release|Any CPU
		{DA64A783-B7D5-49C9-8299-C9D0ABAC2944}.Release|Mixed Platforms.ActiveCfg = Release|Any CPU
		{DA64A783-B7D5-49C9-8299-C9D0ABAC2944}.Release|Mixed Platforms.Build.0 = Release|Any CPU
		{DA64A783-B7D5-49C9-8299-C9D0ABAC2944}.Release|Win32.ActiveCfg = Release|Any CPU
		{DA64A783-B7D5-49C9-8299-C9D0ABAC2944}.Release|x64.ActiveCfg = Release|Any CPU
		{DA64A783-B7D5-49C9-8299-C9D0ABAC2944}.Release|x86.ActiveCfg = Release|Any CPU
		{915EED91-E5FA-42E8-85D8-A909BDA3201A}.Debug|Any CPU.ActiveCfg = Debug|Any CPU
		{915EED91-E5FA-42E8-85D8-A909BDA3201A}.Debug|Any CPU.Build.0 = Debug|Any CPU
		{915EED91-E5FA-42E8-85D8-A909BDA3201A}.Debug|ARM.ActiveCfg = Debug|Any CPU
		{915EED91-E5FA-42E8-85D8-A909BDA3201A}.Debug|ARM.Build.0 = Debug|Any CPU
		{915EED91-E5FA-42E8-85D8-A909BDA3201A}.Debug|Mixed Platforms.ActiveCfg = Debug|Any CPU
		{915EED91-E5FA-42E8-85D8-A909BDA3201A}.Debug|Mixed Platforms.Build.0 = Debug|Any CPU
		{915EED91-E5FA-42E8-85D8-A909BDA3201A}.Debug|Win32.ActiveCfg = Debug|Any CPU
		{915EED91-E5FA-42E8-85D8-A909BDA3201A}.Debug|x64.ActiveCfg = Debug|Any CPU
		{915EED91-E5FA-42E8-85D8-A909BDA3201A}.Debug|x86.ActiveCfg = Debug|Any CPU
		{915EED91-E5FA-42E8-85D8-A909BDA3201A}.Release|Any CPU.ActiveCfg = Release|Any CPU
		{915EED91-E5FA-42E8-85D8-A909BDA3201A}.Release|Any CPU.Build.0 = Release|Any CPU
		{915EED91-E5FA-42E8-85D8-A909BDA3201A}.Release|ARM.ActiveCfg = Release|Any CPU
		{915EED91-E5FA-42E8-85D8-A909BDA3201A}.Release|ARM.Build.0 = Release|Any CPU
		{915EED91-E5FA-42E8-85D8-A909BDA3201A}.Release|Mixed Platforms.ActiveCfg = Release|Any CPU
		{915EED91-E5FA-42E8-85D8-A909BDA3201A}.Release|Mixed Platforms.Build.0 = Release|Any CPU
		{915EED91-E5FA-42E8-85D8-A909BDA3201A}.Release|Win32.ActiveCfg = Release|Any CPU
		{915EED91-E5FA-42E8-85D8-A909BDA3201A}.Release|x64.ActiveCfg = Release|Any CPU
		{915EED91-E5FA-42E8-85D8-A909BDA3201A}.Release|x86.ActiveCfg = Release|Any CPU
		{D3EEDD4F-019E-4A8A-9AAB-2B28E858AD04}.Debug|Any CPU.ActiveCfg = Debug|Win32
		{D3EEDD4F-019E-4A8A-9AAB-2B28E858AD04}.Debug|ARM.ActiveCfg = Debug|Win32
		{D3EEDD4F-019E-4A8A-9AAB-2B28E858AD04}.Debug|Mixed Platforms.ActiveCfg = Debug|Win32
		{D3EEDD4F-019E-4A8A-9AAB-2B28E858AD04}.Debug|Mixed Platforms.Build.0 = Debug|Win32
		{D3EEDD4F-019E-4A8A-9AAB-2B28E858AD04}.Debug|Win32.ActiveCfg = Debug|Win32
		{D3EEDD4F-019E-4A8A-9AAB-2B28E858AD04}.Debug|Win32.Build.0 = Debug|Win32
		{D3EEDD4F-019E-4A8A-9AAB-2B28E858AD04}.Debug|x64.ActiveCfg = Debug|x64
		{D3EEDD4F-019E-4A8A-9AAB-2B28E858AD04}.Debug|x64.Build.0 = Debug|x64
		{D3EEDD4F-019E-4A8A-9AAB-2B28E858AD04}.Debug|x86.ActiveCfg = Debug|Win32
		{D3EEDD4F-019E-4A8A-9AAB-2B28E858AD04}.Debug|x86.Build.0 = Debug|Win32
		{D3EEDD4F-019E-4A8A-9AAB-2B28E858AD04}.Release|Any CPU.ActiveCfg = Release|Win32
		{D3EEDD4F-019E-4A8A-9AAB-2B28E858AD04}.Release|ARM.ActiveCfg = Release|Win32
		{D3EEDD4F-019E-4A8A-9AAB-2B28E858AD04}.Release|Mixed Platforms.ActiveCfg = Release|Win32
		{D3EEDD4F-019E-4A8A-9AAB-2B28E858AD04}.Release|Mixed Platforms.Build.0 = Release|Win32
		{D3EEDD4F-019E-4A8A-9AAB-2B28E858AD04}.Release|Win32.ActiveCfg = Release|Win32
		{D3EEDD4F-019E-4A8A-9AAB-2B28E858AD04}.Release|Win32.Build.0 = Release|Win32
		{D3EEDD4F-019E-4A8A-9AAB-2B28E858AD04}.Release|x64.ActiveCfg = Release|x64
		{D3EEDD4F-019E-4A8A-9AAB-2B28E858AD04}.Release|x64.Build.0 = Release|x64
		{D3EEDD4F-019E-4A8A-9AAB-2B28E858AD04}.Release|x86.ActiveCfg = Release|Win32
		{D3EEDD4F-019E-4A8A-9AAB-2B28E858AD04}.Release|x86.Build.0 = Release|Win32
		{D13D7CEF-49A0-44BB-B03E-71CA366532DA}.Debug|Any CPU.ActiveCfg = Debug|Win32
		{D13D7CEF-49A0-44BB-B03E-71CA366532DA}.Debug|ARM.ActiveCfg = Debug|Win32
		{D13D7CEF-49A0-44BB-B03E-71CA366532DA}.Debug|Mixed Platforms.ActiveCfg = Debug|Win32
		{D13D7CEF-49A0-44BB-B03E-71CA366532DA}.Debug|Mixed Platforms.Build.0 = Debug|Win32
		{D13D7CEF-49A0-44BB-B03E-71CA366532DA}.Debug|Win32.ActiveCfg = Debug|Win32
		{D13D7CEF-49A0-44BB-B03E-71CA366532DA}.Debug|Win32.Build.0 = Debug|Win32
		{D13D7CEF-49A0-44BB-B03E-71CA366532DA}.Debug|x64.ActiveCfg = Debug|x64
		{D13D7CEF-49A0-44BB-B03E-71CA366532DA}.Debug|x64.Build.0 = Debug|x64
		{D13D7CEF-49A0-44BB-B03E-71CA366532DA}.Debug|x86.ActiveCfg = Debug|Win32
		{D13D7CEF-49A0-44BB-B03E-71CA366532DA}.Debug|x86.Build.0 = Debug|Win32
		{D13D7CEF-49A0-44BB-B03E-71CA366532DA}.Release|Any CPU.ActiveCfg = Release|Win32
		{D13D7CEF-49A0-44BB-B03E-71CA366532DA}.Release|ARM.ActiveCfg = Release|Win32
		{D13D7CEF-49A0-44BB-B03E-71CA366532DA}.Release|Mixed Platforms.ActiveCfg = Release|Win32
		{D13D7CEF-49A0-44BB-B03E-71CA366532DA}.Release|Mixed Platforms.Build.0 = Release|Win32
		{D13D7CEF-49A0-44BB-B03E-71CA366532DA}.Release|Win32.ActiveCfg = Release|Win32
		{D13D7CEF-49A0-44BB-B03E-71CA366532DA}.Release|x64.ActiveCfg = Release|x64
		{D13D7CEF-49A0-44BB-B03E-71CA366532DA}.Release|x64.Build.0 = Release|x64
		{D13D7CEF-49A0-44BB-B03E-71CA366532DA}.Release|x86.ActiveCfg = Release|Win32
		{D13D7CEF-49A0-44BB-B03E-71CA366532DA}.Release|x86.Build.0 = Release|Win32
		{E1F3E1C5-4B32-4CA6-B982-165AA7E3C428}.Debug|Any CPU.ActiveCfg = Debug|Win32
		{E1F3E1C5-4B32-4CA6-B982-165AA7E3C428}.Debug|ARM.ActiveCfg = Debug|Win32
		{E1F3E1C5-4B32-4CA6-B982-165AA7E3C428}.Debug|Mixed Platforms.ActiveCfg = Debug|Win32
		{E1F3E1C5-4B32-4CA6-B982-165AA7E3C428}.Debug|Mixed Platforms.Build.0 = Debug|Win32
		{E1F3E1C5-4B32-4CA6-B982-165AA7E3C428}.Debug|Win32.ActiveCfg = Debug|Win32
		{E1F3E1C5-4B32-4CA6-B982-165AA7E3C428}.Debug|Win32.Build.0 = Debug|Win32
		{E1F3E1C5-4B32-4CA6-B982-165AA7E3C428}.Debug|x64.ActiveCfg = Debug|x64
		{E1F3E1C5-4B32-4CA6-B982-165AA7E3C428}.Debug|x64.Build.0 = Debug|x64
		{E1F3E1C5-4B32-4CA6-B982-165AA7E3C428}.Debug|x86.ActiveCfg = Debug|Win32
		{E1F3E1C5-4B32-4CA6-B982-165AA7E3C428}.Debug|x86.Build.0 = Debug|Win32
		{E1F3E1C5-4B32-4CA6-B982-165AA7E3C428}.Release|Any CPU.ActiveCfg = Release|Win32
		{E1F3E1C5-4B32-4CA6-B982-165AA7E3C428}.Release|ARM.ActiveCfg = Release|Win32
		{E1F3E1C5-4B32-4CA6-B982-165AA7E3C428}.Release|Mixed Platforms.ActiveCfg = Release|Win32
		{E1F3E1C5-4B32-4CA6-B982-165AA7E3C428}.Release|Mixed Platforms.Build.0 = Release|Win32
		{E1F3E1C5-4B32-4CA6-B982-165AA7E3C428}.Release|Win32.ActiveCfg = Release|Win32
		{E1F3E1C5-4B32-4CA6-B982-165AA7E3C428}.Release|x64.ActiveCfg = Release|x64
		{E1F3E1C5-4B32-4CA6-B982-165AA7E3C428}.Release|x64.Build.0 = Release|x64
		{E1F3E1C5-4B32-4CA6-B982-165AA7E3C428}.Release|x86.ActiveCfg = Release|Win32
		{E1F3E1C5-4B32-4CA6-B982-165AA7E3C428}.Release|x86.Build.0 = Release|Win32
		{6E9ED970-0316-4B94-80CC-7ACD4F0C5B3F}.Debug|Any CPU.ActiveCfg = Debug|Win32
		{6E9ED970-0316-4B94-80CC-7ACD4F0C5B3F}.Debug|ARM.ActiveCfg = Debug|Win32
		{6E9ED970-0316-4B94-80CC-7ACD4F0C5B3F}.Debug|Mixed Platforms.ActiveCfg = Debug|Win32
		{6E9ED970-0316-4B94-80CC-7ACD4F0C5B3F}.Debug|Mixed Platforms.Build.0 = Debug|Win32
		{6E9ED970-0316-4B94-80CC-7ACD4F0C5B3F}.Debug|Win32.ActiveCfg = Debug|Win32
		{6E9ED970-0316-4B94-80CC-7ACD4F0C5B3F}.Debug|Win32.Build.0 = Debug|Win32
		{6E9ED970-0316-4B94-80CC-7ACD4F0C5B3F}.Debug|x64.ActiveCfg = Debug|x64
		{6E9ED970-0316-4B94-80CC-7ACD4F0C5B3F}.Debug|x64.Build.0 = Debug|x64
		{6E9ED970-0316-4B94-80CC-7ACD4F0C5B3F}.Debug|x86.ActiveCfg = Debug|Win32
		{6E9ED970-0316-4B94-80CC-7ACD4F0C5B3F}.Debug|x86.Build.0 = Debug|Win32
		{6E9ED970-0316-4B94-80CC-7ACD4F0C5B3F}.Release|Any CPU.ActiveCfg = Release|Win32
		{6E9ED970-0316-4B94-80CC-7ACD4F0C5B3F}.Release|ARM.ActiveCfg = Release|Win32
		{6E9ED970-0316-4B94-80CC-7ACD4F0C5B3F}.Release|Mixed Platforms.ActiveCfg = Release|Win32
		{6E9ED970-0316-4B94-80CC-7ACD4F0C5B3F}.Release|Mixed Platforms.Build.0 = Release|Win32
		{6E9ED970-0316-4B94-80CC-7ACD4F0C5B3F}.Release|Win32.ActiveCfg = Release|Win32
		{6E9ED970-0316-4B94-80CC-7ACD4F0C5B3F}.Release|x64.ActiveCfg = Release|x64
		{6E9ED970-0316-4B94-80CC-7ACD4F0C5B3F}.Release|x64.Build.0 = Release|x64
		{6E9ED970-0316-4B94-80CC-7ACD4F0C5B3F}.Release|x86.ActiveCfg = Release|Win32
		{6E9ED970-0316-4B94-80CC-7ACD4F0C5B3F}.Release|x86.Build.0 = Release|Win32
	EndGlobalSection
	GlobalSection(SolutionProperties) = preSolution
		HideSolutionNode = FALSE
	EndGlobalSection
	GlobalSection(NestedProjects) = preSolution
		{E49F15F5-626C-4851-AA6A-FAC043412077} = {7B77FAF8-A365-421A-B002-5D3D5FE8630F}
		{6DA85189-E3E3-4A48-ABEE-82DEDD491219} = {7B77FAF8-A365-421A-B002-5D3D5FE8630F}
		{2D455E69-D007-47B6-BEA4-580322730104} = {6AC6F487-D3E9-46C4-984E-3C62828CC782}
		{915EED91-E5FA-42E8-85D8-A909BDA3201A} = {6AC6F487-D3E9-46C4-984E-3C62828CC782}
		{77B0C925-8893-4BE4-A4FA-91AAD34C542C} = {6AC6F487-D3E9-46C4-984E-3C62828CC782}
		{D3EEDD4F-019E-4A8A-9AAB-2B28E858AD04} = {49DCF052-E34B-46EA-8198-C94B13A11FA2}
		{D13D7CEF-49A0-44BB-B03E-71CA366532DA} = {49DCF052-E34B-46EA-8198-C94B13A11FA2}
		{E1F3E1C5-4B32-4CA6-B982-165AA7E3C428} = {49DCF052-E34B-46EA-8198-C94B13A11FA2}
		{6E9ED970-0316-4B94-80CC-7ACD4F0C5B3F} = {49DCF052-E34B-46EA-8198-C94B13A11FA2}
	EndGlobalSection
	GlobalSection(TeamFoundationVersionControl) = preSolution
		SccNumberOfProjects = 7
		SccEnterpriseProvider = {4CA58AB2-18FA-4F8D-95D4-32DDF27D184C}
		SccTeamFoundationServer = https://fjz.visualstudio.com/defaultcollection
		SccProjectUniqueName0 = MedusaModelingProject\\MedusaModelingProject.modelproj
		SccProjectName0 = MedusaModelingProject
		SccAuxPath0 = https://fjz.visualstudio.com/defaultcollection
		SccLocalPath0 = MedusaModelingProject
		SccProvider0 = {4CA58AB2-18FA-4F8D-95D4-32DDF27D184C}
		SccProjectUniqueName1 = ..\\Tool\\CodeGenerator\\CodeGenerator.vcxproj
		SccProjectTopLevelParentUniqueName1 = Medusa.sln
		SccProjectName1 = ../Tool/CodeGenerator
		SccAuxPath1 = https://fjz.visualstudio.com/defaultcollection
		SccLocalPath1 = ..\\Tool\\CodeGenerator
		SccProvider1 = {4CA58AB2-18FA-4F8D-95D4-32DDF27D184C}
		SccProjectUniqueName2 = ..\\Tool\\CodeAnalyzer\\CodeAnalyzer.csproj
		SccProjectTopLevelParentUniqueName2 = Medusa.sln
		SccProjectName2 = ../Tool/CodeAnalyzer
		SccAuxPath2 = https://fjz.visualstudio.com/defaultcollection
		SccLocalPath2 = ..\\Tool\\CodeAnalyzer
		SccProvider2 = {4CA58AB2-18FA-4F8D-95D4-32DDF27D184C}
		SccProjectUniqueName3 = ..\\Test\\UnitTest\\UnitTest.vcxproj
		SccProjectTopLevelParentUniqueName3 = Medusa.sln
		SccProjectName3 = ../Test/UnitTest
		SccAuxPath3 = https://fjz.visualstudio.com/defaultcollection
		SccLocalPath3 = ..\\Test\\UnitTest
		SccProvider3 = {4CA58AB2-18FA-4F8D-95D4-32DDF27D184C}
		SccProjectUniqueName4 = MedusaExtension\\win\\MedusaExtension.Win.vcxproj
		SccProjectTopLevelParentUniqueName4 = Medusa.sln
		SccProjectName4 = MedusaExtension/win
		SccAuxPath4 = https://fjz.visualstudio.com/defaultcollection
		SccLocalPath4 = MedusaExtension\\win
		SccProvider4 = {4CA58AB2-18FA-4F8D-95D4-32DDF27D184C}
		SccProjectUniqueName5 = Medusa\\win\\Medusa.Win.vcxproj
		SccProjectTopLevelParentUniqueName5 = Medusa.sln
		SccProjectName5 = Medusa/win
		SccAuxPath5 = https://fjz.visualstudio.com/defaultcollection
		SccLocalPath5 = Medusa\\win
		SccProvider5 = {4CA58AB2-18FA-4F8D-95D4-32DDF27D184C}
		SccProjectUniqueName6 = ..\\Test\\Test\\win\\Test.Win.vcxproj
		SccProjectTopLevelParentUniqueName6 = Medusa.sln
		SccProjectName6 = ../Test/Test/win
		SccAuxPath6 = https://fjz.visualstudio.com/defaultcollection
		SccLocalPath6 = ..\\Test\\Test\\win
		SccProvider6 = {4CA58AB2-18FA-4F8D-95D4-32DDF27D184C}
	EndGlobalSection
EndGlobal
